// !$*UTF8*$!
{
	archiveVersion = 1;
	classes = {
	};
	objectVersion = 46;
	objects = {

/* Begin PBXBuildFile section */
		240447DB19FE939100FB315D /* DPAfternoonState.m in Sources */ = {isa = PBXBuildFile; fileRef = 240447DA19FE939100FB315D /* DPAfternoonState.m */; };
		2407155119F3EA5900E9F749 /* DPSqlserverFactory.m in Sources */ = {isa = PBXBuildFile; fileRef = 2407155019F3EA5900E9F749 /* DPSqlserverFactory.m */; };
		2407155419F3EA6C00E9F749 /* DPAccessFactory.m in Sources */ = {isa = PBXBuildFile; fileRef = 2407155319F3EA6C00E9F749 /* DPAccessFactory.m */; };
		2407155719F3EBB500E9F749 /* DPAbstractFactoryTests.m in Sources */ = {isa = PBXBuildFile; fileRef = 2407155619F3EBB500E9F749 /* DPAbstractFactoryTests.m */; };
		245C998119FE8B5E00B0EBBA /* DPWork.m in Sources */ = {isa = PBXBuildFile; fileRef = 245C998019FE8B5E00B0EBBA /* DPWork.m */; };
		245C998419FE8C7900B0EBBA /* DPForenoonState.m in Sources */ = {isa = PBXBuildFile; fileRef = 245C998319FE8C7900B0EBBA /* DPForenoonState.m */; };
		245C998719FE8F0A00B0EBBA /* DPNoonState.m in Sources */ = {isa = PBXBuildFile; fileRef = 245C998619FE8F0A00B0EBBA /* DPNoonState.m */; };
		2467F50C19F37ED800437073 /* Foundation.framework in Frameworks */ = {isa = PBXBuildFile; fileRef = 2467F50B19F37ED800437073 /* Foundation.framework */; };
		2467F50E19F37ED800437073 /* CoreGraphics.framework in Frameworks */ = {isa = PBXBuildFile; fileRef = 2467F50D19F37ED800437073 /* CoreGraphics.framework */; };
		2467F51019F37ED800437073 /* UIKit.framework in Frameworks */ = {isa = PBXBuildFile; fileRef = 2467F50F19F37ED800437073 /* UIKit.framework */; };
		2467F51619F37ED800437073 /* InfoPlist.strings in Resources */ = {isa = PBXBuildFile; fileRef = 2467F51419F37ED800437073 /* InfoPlist.strings */; };
		2467F51819F37ED800437073 /* main.m in Sources */ = {isa = PBXBuildFile; fileRef = 2467F51719F37ED800437073 /* main.m */; };
		2467F51C19F37ED800437073 /* DPAppDelegate.m in Sources */ = {isa = PBXBuildFile; fileRef = 2467F51B19F37ED800437073 /* DPAppDelegate.m */; };
		2467F51E19F37ED800437073 /* Images.xcassets in Resources */ = {isa = PBXBuildFile; fileRef = 2467F51D19F37ED800437073 /* Images.xcassets */; };
		2467F52519F37ED900437073 /* XCTest.framework in Frameworks */ = {isa = PBXBuildFile; fileRef = 2467F52419F37ED900437073 /* XCTest.framework */; };
		2467F52619F37ED900437073 /* Foundation.framework in Frameworks */ = {isa = PBXBuildFile; fileRef = 2467F50B19F37ED800437073 /* Foundation.framework */; };
		2467F52719F37ED900437073 /* UIKit.framework in Frameworks */ = {isa = PBXBuildFile; fileRef = 2467F50F19F37ED800437073 /* UIKit.framework */; };
		2467F52F19F37ED900437073 /* InfoPlist.strings in Resources */ = {isa = PBXBuildFile; fileRef = 2467F52D19F37ED900437073 /* InfoPlist.strings */; };
		2467F54619F37EEF00437073 /* DPOperationAdd.m in Sources */ = {isa = PBXBuildFile; fileRef = 2467F53D19F37EEF00437073 /* DPOperationAdd.m */; };
		2467F54719F37EEF00437073 /* DPOperationDiv.m in Sources */ = {isa = PBXBuildFile; fileRef = 2467F53F19F37EEF00437073 /* DPOperationDiv.m */; };
		2467F54819F37EEF00437073 /* DPOperationFactory.m in Sources */ = {isa = PBXBuildFile; fileRef = 2467F54119F37EEF00437073 /* DPOperationFactory.m */; };
		2467F54919F37EEF00437073 /* DPOperationMul.m in Sources */ = {isa = PBXBuildFile; fileRef = 2467F54319F37EEF00437073 /* DPOperationMul.m */; };
		2467F54A19F37EEF00437073 /* DPOperationSub.m in Sources */ = {isa = PBXBuildFile; fileRef = 2467F54519F37EEF00437073 /* DPOperationSub.m */; };
		2467F54D19F3819200437073 /* DPSimpleFactoryTests.m in Sources */ = {isa = PBXBuildFile; fileRef = 2467F54C19F3819200437073 /* DPSimpleFactoryTests.m */; };
		2467F55219F39E7C00437073 /* DPUndergraduate.m in Sources */ = {isa = PBXBuildFile; fileRef = 2467F55119F39E7C00437073 /* DPUndergraduate.m */; };
		2467F55519F39EB700437073 /* DPVolunteer.m in Sources */ = {isa = PBXBuildFile; fileRef = 2467F55419F39EB700437073 /* DPVolunteer.m */; };
		2467F55919F3A0E200437073 /* DPUndergraduateFactory.m in Sources */ = {isa = PBXBuildFile; fileRef = 2467F55819F3A0E200437073 /* DPUndergraduateFactory.m */; };
		2467F55C19F3A11100437073 /* DPVolunteerFactory.m in Sources */ = {isa = PBXBuildFile; fileRef = 2467F55B19F3A11100437073 /* DPVolunteerFactory.m */; };
		2467F55F19F3A1F400437073 /* DPFactoryMethodTests.m in Sources */ = {isa = PBXBuildFile; fileRef = 2467F55E19F3A1F400437073 /* DPFactoryMethodTests.m */; };
		2467F56319F3CB2700437073 /* DPUser.m in Sources */ = {isa = PBXBuildFile; fileRef = 2467F56219F3CB2700437073 /* DPUser.m */; };
		2467F56619F3CB7000437073 /* DPDepartment.m in Sources */ = {isa = PBXBuildFile; fileRef = 2467F56519F3CB7000437073 /* DPDepartment.m */; };
		2467F57619F3D1C700437073 /* DPSqlserverUserCrud.m in Sources */ = {isa = PBXBuildFile; fileRef = 2467F57519F3D1C700437073 /* DPSqlserverUserCrud.m */; };
		2467F57919F3D1DE00437073 /* DPAccessUserCrud.m in Sources */ = {isa = PBXBuildFile; fileRef = 2467F57819F3D1DE00437073 /* DPAccessUserCrud.m */; };
		2467F57D19F3D24B00437073 /* DPSqlserverDepartmentCrud.m in Sources */ = {isa = PBXBuildFile; fileRef = 2467F57C19F3D24B00437073 /* DPSqlserverDepartmentCrud.m */; };
		2467F58019F3D25A00437073 /* DPAccessDepartmentCrud.m in Sources */ = {isa = PBXBuildFile; fileRef = 2467F57F19F3D25A00437073 /* DPAccessDepartmentCrud.m */; };
		2491E15F19F7F0AE009AC42F /* DPStrategyTests.m in Sources */ = {isa = PBXBuildFile; fileRef = 2491E15E19F7F0AE009AC42F /* DPStrategyTests.m */; };
		2491E16319F7F20E009AC42F /* DPCashContext.m in Sources */ = {isa = PBXBuildFile; fileRef = 2491E16219F7F20E009AC42F /* DPCashContext.m */; };
		24B2B0471A05F5C3001D74E0 /* DPTestPaper.m in Sources */ = {isa = PBXBuildFile; fileRef = 24B2B0461A05F5C3001D74E0 /* DPTestPaper.m */; };
		24B2B04A1A06007C001D74E0 /* DPTestPaperA.m in Sources */ = {isa = PBXBuildFile; fileRef = 24B2B0491A06007C001D74E0 /* DPTestPaperA.m */; };
		24B2B04D1A0609A8001D74E0 /* DPTestPaperB.m in Sources */ = {isa = PBXBuildFile; fileRef = 24B2B04C1A0609A8001D74E0 /* DPTestPaperB.m */; };
		24B2B0501A060A28001D74E0 /* DPTemplateMethodTests.m in Sources */ = {isa = PBXBuildFile; fileRef = 24B2B04F1A060A28001D74E0 /* DPTemplateMethodTests.m */; };
		24B2B0571A066288001D74E0 /* DPHandsetBrand.m in Sources */ = {isa = PBXBuildFile; fileRef = 24B2B0561A066288001D74E0 /* DPHandsetBrand.m */; };
		24B2B05B1A066366001D74E0 /* DPHandsetGame.m in Sources */ = {isa = PBXBuildFile; fileRef = 24B2B05A1A066366001D74E0 /* DPHandsetGame.m */; };
		24B2B05E1A0663ED001D74E0 /* DPHandsetAddressList.m in Sources */ = {isa = PBXBuildFile; fileRef = 24B2B05D1A0663ED001D74E0 /* DPHandsetAddressList.m */; };
		24B2B0611A0664E6001D74E0 /* DPHandsetBrandN.m in Sources */ = {isa = PBXBuildFile; fileRef = 24B2B0601A0664E6001D74E0 /* DPHandsetBrandN.m */; };
		24B2B0641A066A9F001D74E0 /* DPHandsetBrandM.m in Sources */ = {isa = PBXBuildFile; fileRef = 24B2B0631A066A9F001D74E0 /* DPHandsetBrandM.m */; };
		24B2B06D1A066B81001D74E0 /* DPBridgeTests.m in Sources */ = {isa = PBXBuildFile; fileRef = 24B2B06C1A066B81001D74E0 /* DPBridgeTests.m */; };
		24D9587B19FE972600C3F23E /* DPEveningState.m in Sources */ = {isa = PBXBuildFile; fileRef = 24D9587A19FE972600C3F23E /* DPEveningState.m */; };
		24D9587E19FE979000C3F23E /* DPSleepingState.m in Sources */ = {isa = PBXBuildFile; fileRef = 24D9587D19FE979000C3F23E /* DPSleepingState.m */; };
		24D9588119FE979C00C3F23E /* DPRestState.m in Sources */ = {isa = PBXBuildFile; fileRef = 24D9588019FE979C00C3F23E /* DPRestState.m */; };
		24D9588419FE99B800C3F23E /* DPStateTests.m in Sources */ = {isa = PBXBuildFile; fileRef = 24D9588319FE99B800C3F23E /* DPStateTests.m */; };
		24F8A7CE19F402B600F8BE19 /* DPCashNormal.m in Sources */ = {isa = PBXBuildFile; fileRef = 24F8A7CD19F402B600F8BE19 /* DPCashNormal.m */; };
		24F8A7D119F402C400F8BE19 /* DPCashRebate.m in Sources */ = {isa = PBXBuildFile; fileRef = 24F8A7D019F402C400F8BE19 /* DPCashRebate.m */; };
		24F8A7D419F402FC00F8BE19 /* DPCashReturn.m in Sources */ = {isa = PBXBuildFile; fileRef = 24F8A7D319F402FC00F8BE19 /* DPCashReturn.m */; };
/* End PBXBuildFile section */

/* Begin PBXContainerItemProxy section */
		2467F52819F37ED900437073 /* PBXContainerItemProxy */ = {
			isa = PBXContainerItemProxy;
			containerPortal = 2467F50019F37ED800437073 /* Project object */;
			proxyType = 1;
			remoteGlobalIDString = 2467F50719F37ED800437073;
			remoteInfo = DesignPatterns;
		};
/* End PBXContainerItemProxy section */

/* Begin PBXFileReference section */
		240447D919FE939100FB315D /* DPAfternoonState.h */ = {isa = PBXFileReference; fileEncoding = 4; lastKnownFileType = sourcecode.c.h; path = DPAfternoonState.h; sourceTree = "<group>"; };
		240447DA19FE939100FB315D /* DPAfternoonState.m */ = {isa = PBXFileReference; fileEncoding = 4; lastKnownFileType = sourcecode.c.objc; path = DPAfternoonState.m; sourceTree = "<group>"; };
		2407154F19F3EA5900E9F749 /* DPSqlserverFactory.h */ = {isa = PBXFileReference; fileEncoding = 4; lastKnownFileType = sourcecode.c.h; path = DPSqlserverFactory.h; sourceTree = "<group>"; };
		2407155019F3EA5900E9F749 /* DPSqlserverFactory.m */ = {isa = PBXFileReference; fileEncoding = 4; lastKnownFileType = sourcecode.c.objc; path = DPSqlserverFactory.m; sourceTree = "<group>"; };
		2407155219F3EA6C00E9F749 /* DPAccessFactory.h */ = {isa = PBXFileReference; fileEncoding = 4; lastKnownFileType = sourcecode.c.h; path = DPAccessFactory.h; sourceTree = "<group>"; };
		2407155319F3EA6C00E9F749 /* DPAccessFactory.m */ = {isa = PBXFileReference; fileEncoding = 4; lastKnownFileType = sourcecode.c.objc; path = DPAccessFactory.m; sourceTree = "<group>"; };
		2407155619F3EBB500E9F749 /* DPAbstractFactoryTests.m */ = {isa = PBXFileReference; fileEncoding = 4; lastKnownFileType = sourcecode.c.objc; path = DPAbstractFactoryTests.m; sourceTree = "<group>"; };
		245C997E19FE8ADB00B0EBBA /* DPState.h */ = {isa = PBXFileReference; fileEncoding = 4; lastKnownFileType = sourcecode.c.h; path = DPState.h; sourceTree = "<group>"; };
		245C997F19FE8B5E00B0EBBA /* DPWork.h */ = {isa = PBXFileReference; fileEncoding = 4; lastKnownFileType = sourcecode.c.h; path = DPWork.h; sourceTree = "<group>"; };
		245C998019FE8B5E00B0EBBA /* DPWork.m */ = {isa = PBXFileReference; fileEncoding = 4; lastKnownFileType = sourcecode.c.objc; path = DPWork.m; sourceTree = "<group>"; };
		245C998219FE8C7900B0EBBA /* DPForenoonState.h */ = {isa = PBXFileReference; fileEncoding = 4; lastKnownFileType = sourcecode.c.h; path = DPForenoonState.h; sourceTree = "<group>"; };
		245C998319FE8C7900B0EBBA /* DPForenoonState.m */ = {isa = PBXFileReference; fileEncoding = 4; lastKnownFileType = sourcecode.c.objc; path = DPForenoonState.m; sourceTree = "<group>"; };
		245C998519FE8F0A00B0EBBA /* DPNoonState.h */ = {isa = PBXFileReference; fileEncoding = 4; lastKnownFileType = sourcecode.c.h; path = DPNoonState.h; sourceTree = "<group>"; };
		245C998619FE8F0A00B0EBBA /* DPNoonState.m */ = {isa = PBXFileReference; fileEncoding = 4; lastKnownFileType = sourcecode.c.objc; path = DPNoonState.m; sourceTree = "<group>"; };
		2467F50819F37ED800437073 /* DesignPatterns.app */ = {isa = PBXFileReference; explicitFileType = wrapper.application; includeInIndex = 0; path = DesignPatterns.app; sourceTree = BUILT_PRODUCTS_DIR; };
		2467F50B19F37ED800437073 /* Foundation.framework */ = {isa = PBXFileReference; lastKnownFileType = wrapper.framework; name = Foundation.framework; path = System/Library/Frameworks/Foundation.framework; sourceTree = SDKROOT; };
		2467F50D19F37ED800437073 /* CoreGraphics.framework */ = {isa = PBXFileReference; lastKnownFileType = wrapper.framework; name = CoreGraphics.framework; path = System/Library/Frameworks/CoreGraphics.framework; sourceTree = SDKROOT; };
		2467F50F19F37ED800437073 /* UIKit.framework */ = {isa = PBXFileReference; lastKnownFileType = wrapper.framework; name = UIKit.framework; path = System/Library/Frameworks/UIKit.framework; sourceTree = SDKROOT; };
		2467F51319F37ED800437073 /* DesignPatterns-Info.plist */ = {isa = PBXFileReference; lastKnownFileType = text.plist.xml; path = "DesignPatterns-Info.plist"; sourceTree = "<group>"; };
		2467F51519F37ED800437073 /* en */ = {isa = PBXFileReference; lastKnownFileType = text.plist.strings; name = en; path = en.lproj/InfoPlist.strings; sourceTree = "<group>"; };
		2467F51719F37ED800437073 /* main.m */ = {isa = PBXFileReference; lastKnownFileType = sourcecode.c.objc; path = main.m; sourceTree = "<group>"; };
		2467F51919F37ED800437073 /* DesignPatterns-Prefix.pch */ = {isa = PBXFileReference; lastKnownFileType = sourcecode.c.h; path = "DesignPatterns-Prefix.pch"; sourceTree = "<group>"; };
		2467F51A19F37ED800437073 /* DPAppDelegate.h */ = {isa = PBXFileReference; lastKnownFileType = sourcecode.c.h; path = DPAppDelegate.h; sourceTree = "<group>"; };
		2467F51B19F37ED800437073 /* DPAppDelegate.m */ = {isa = PBXFileReference; lastKnownFileType = sourcecode.c.objc; path = DPAppDelegate.m; sourceTree = "<group>"; };
		2467F51D19F37ED800437073 /* Images.xcassets */ = {isa = PBXFileReference; lastKnownFileType = folder.assetcatalog; path = Images.xcassets; sourceTree = "<group>"; };
		2467F52319F37ED900437073 /* DesignPatternsTests.xctest */ = {isa = PBXFileReference; explicitFileType = wrapper.cfbundle; includeInIndex = 0; path = DesignPatternsTests.xctest; sourceTree = BUILT_PRODUCTS_DIR; };
		2467F52419F37ED900437073 /* XCTest.framework */ = {isa = PBXFileReference; lastKnownFileType = wrapper.framework; name = XCTest.framework; path = Library/Frameworks/XCTest.framework; sourceTree = DEVELOPER_DIR; };
		2467F52C19F37ED900437073 /* DesignPatternsTests-Info.plist */ = {isa = PBXFileReference; lastKnownFileType = text.plist.xml; path = "DesignPatternsTests-Info.plist"; sourceTree = "<group>"; };
		2467F52E19F37ED900437073 /* en */ = {isa = PBXFileReference; lastKnownFileType = text.plist.strings; name = en; path = en.lproj/InfoPlist.strings; sourceTree = "<group>"; };
		2467F53B19F37EEF00437073 /* DPOperation.h */ = {isa = PBXFileReference; fileEncoding = 4; lastKnownFileType = sourcecode.c.h; path = DPOperation.h; sourceTree = "<group>"; };
		2467F53C19F37EEF00437073 /* DPOperationAdd.h */ = {isa = PBXFileReference; fileEncoding = 4; lastKnownFileType = sourcecode.c.h; path = DPOperationAdd.h; sourceTree = "<group>"; };
		2467F53D19F37EEF00437073 /* DPOperationAdd.m */ = {isa = PBXFileReference; fileEncoding = 4; lastKnownFileType = sourcecode.c.objc; path = DPOperationAdd.m; sourceTree = "<group>"; };
		2467F53E19F37EEF00437073 /* DPOperationDiv.h */ = {isa = PBXFileReference; fileEncoding = 4; lastKnownFileType = sourcecode.c.h; path = DPOperationDiv.h; sourceTree = "<group>"; };
		2467F53F19F37EEF00437073 /* DPOperationDiv.m */ = {isa = PBXFileReference; fileEncoding = 4; lastKnownFileType = sourcecode.c.objc; path = DPOperationDiv.m; sourceTree = "<group>"; };
		2467F54019F37EEF00437073 /* DPOperationFactory.h */ = {isa = PBXFileReference; fileEncoding = 4; lastKnownFileType = sourcecode.c.h; path = DPOperationFactory.h; sourceTree = "<group>"; };
		2467F54119F37EEF00437073 /* DPOperationFactory.m */ = {isa = PBXFileReference; fileEncoding = 4; lastKnownFileType = sourcecode.c.objc; path = DPOperationFactory.m; sourceTree = "<group>"; };
		2467F54219F37EEF00437073 /* DPOperationMul.h */ = {isa = PBXFileReference; fileEncoding = 4; lastKnownFileType = sourcecode.c.h; path = DPOperationMul.h; sourceTree = "<group>"; };
		2467F54319F37EEF00437073 /* DPOperationMul.m */ = {isa = PBXFileReference; fileEncoding = 4; lastKnownFileType = sourcecode.c.objc; path = DPOperationMul.m; sourceTree = "<group>"; };
		2467F54419F37EEF00437073 /* DPOperationSub.h */ = {isa = PBXFileReference; fileEncoding = 4; lastKnownFileType = sourcecode.c.h; path = DPOperationSub.h; sourceTree = "<group>"; };
		2467F54519F37EEF00437073 /* DPOperationSub.m */ = {isa = PBXFileReference; fileEncoding = 4; lastKnownFileType = sourcecode.c.objc; path = DPOperationSub.m; sourceTree = "<group>"; };
		2467F54C19F3819200437073 /* DPSimpleFactoryTests.m */ = {isa = PBXFileReference; fileEncoding = 4; lastKnownFileType = sourcecode.c.objc; path = DPSimpleFactoryTests.m; sourceTree = "<group>"; };
		2467F54F19F39DE300437073 /* DPLeiFeng.h */ = {isa = PBXFileReference; fileEncoding = 4; lastKnownFileType = sourcecode.c.h; path = DPLeiFeng.h; sourceTree = "<group>"; };
		2467F55019F39E7C00437073 /* DPUndergraduate.h */ = {isa = PBXFileReference; fileEncoding = 4; lastKnownFileType = sourcecode.c.h; path = DPUndergraduate.h; sourceTree = "<group>"; };
		2467F55119F39E7C00437073 /* DPUndergraduate.m */ = {isa = PBXFileReference; fileEncoding = 4; lastKnownFileType = sourcecode.c.objc; path = DPUndergraduate.m; sourceTree = "<group>"; };
		2467F55319F39EB700437073 /* DPVolunteer.h */ = {isa = PBXFileReference; fileEncoding = 4; lastKnownFileType = sourcecode.c.h; path = DPVolunteer.h; sourceTree = "<group>"; };
		2467F55419F39EB700437073 /* DPVolunteer.m */ = {isa = PBXFileReference; fileEncoding = 4; lastKnownFileType = sourcecode.c.objc; path = DPVolunteer.m; sourceTree = "<group>"; };
		2467F55619F3A01E00437073 /* DPLeiFengFactory.h */ = {isa = PBXFileReference; fileEncoding = 4; lastKnownFileType = sourcecode.c.h; path = DPLeiFengFactory.h; sourceTree = "<group>"; };
		2467F55719F3A0E200437073 /* DPUndergraduateFactory.h */ = {isa = PBXFileReference; fileEncoding = 4; lastKnownFileType = sourcecode.c.h; path = DPUndergraduateFactory.h; sourceTree = "<group>"; };
		2467F55819F3A0E200437073 /* DPUndergraduateFactory.m */ = {isa = PBXFileReference; fileEncoding = 4; lastKnownFileType = sourcecode.c.objc; path = DPUndergraduateFactory.m; sourceTree = "<group>"; };
		2467F55A19F3A11100437073 /* DPVolunteerFactory.h */ = {isa = PBXFileReference; fileEncoding = 4; lastKnownFileType = sourcecode.c.h; path = DPVolunteerFactory.h; sourceTree = "<group>"; };
		2467F55B19F3A11100437073 /* DPVolunteerFactory.m */ = {isa = PBXFileReference; fileEncoding = 4; lastKnownFileType = sourcecode.c.objc; path = DPVolunteerFactory.m; sourceTree = "<group>"; };
		2467F55E19F3A1F400437073 /* DPFactoryMethodTests.m */ = {isa = PBXFileReference; fileEncoding = 4; lastKnownFileType = sourcecode.c.objc; path = DPFactoryMethodTests.m; sourceTree = "<group>"; };
		2467F56119F3CB2700437073 /* DPUser.h */ = {isa = PBXFileReference; fileEncoding = 4; lastKnownFileType = sourcecode.c.h; path = DPUser.h; sourceTree = "<group>"; };
		2467F56219F3CB2700437073 /* DPUser.m */ = {isa = PBXFileReference; fileEncoding = 4; lastKnownFileType = sourcecode.c.objc; path = DPUser.m; sourceTree = "<group>"; };
		2467F56419F3CB7000437073 /* DPDepartment.h */ = {isa = PBXFileReference; fileEncoding = 4; lastKnownFileType = sourcecode.c.h; path = DPDepartment.h; sourceTree = "<group>"; };
		2467F56519F3CB7000437073 /* DPDepartment.m */ = {isa = PBXFileReference; fileEncoding = 4; lastKnownFileType = sourcecode.c.objc; path = DPDepartment.m; sourceTree = "<group>"; };
		2467F56919F3CDF000437073 /* DPFactory.h */ = {isa = PBXFileReference; fileEncoding = 4; lastKnownFileType = sourcecode.c.h; path = DPFactory.h; sourceTree = "<group>"; };
		2467F56D19F3D13500437073 /* DPUserCrud.h */ = {isa = PBXFileReference; fileEncoding = 4; lastKnownFileType = sourcecode.c.h; path = DPUserCrud.h; sourceTree = "<group>"; };
		2467F57419F3D1C700437073 /* DPSqlserverUserCrud.h */ = {isa = PBXFileReference; fileEncoding = 4; lastKnownFileType = sourcecode.c.h; path = DPSqlserverUserCrud.h; sourceTree = "<group>"; };
		2467F57519F3D1C700437073 /* DPSqlserverUserCrud.m */ = {isa = PBXFileReference; fileEncoding = 4; lastKnownFileType = sourcecode.c.objc; path = DPSqlserverUserCrud.m; sourceTree = "<group>"; };
		2467F57719F3D1DE00437073 /* DPAccessUserCrud.h */ = {isa = PBXFileReference; fileEncoding = 4; lastKnownFileType = sourcecode.c.h; path = DPAccessUserCrud.h; sourceTree = "<group>"; };
		2467F57819F3D1DE00437073 /* DPAccessUserCrud.m */ = {isa = PBXFileReference; fileEncoding = 4; lastKnownFileType = sourcecode.c.objc; path = DPAccessUserCrud.m; sourceTree = "<group>"; };
		2467F57A19F3D21500437073 /* DPDepartmentCrud.h */ = {isa = PBXFileReference; fileEncoding = 4; lastKnownFileType = sourcecode.c.h; path = DPDepartmentCrud.h; sourceTree = "<group>"; };
		2467F57B19F3D24B00437073 /* DPSqlserverDepartmentCrud.h */ = {isa = PBXFileReference; fileEncoding = 4; lastKnownFileType = sourcecode.c.h; path = DPSqlserverDepartmentCrud.h; sourceTree = "<group>"; };
		2467F57C19F3D24B00437073 /* DPSqlserverDepartmentCrud.m */ = {isa = PBXFileReference; fileEncoding = 4; lastKnownFileType = sourcecode.c.objc; path = DPSqlserverDepartmentCrud.m; sourceTree = "<group>"; };
		2467F57E19F3D25A00437073 /* DPAccessDepartmentCrud.h */ = {isa = PBXFileReference; fileEncoding = 4; lastKnownFileType = sourcecode.c.h; path = DPAccessDepartmentCrud.h; sourceTree = "<group>"; };
		2467F57F19F3D25A00437073 /* DPAccessDepartmentCrud.m */ = {isa = PBXFileReference; fileEncoding = 4; lastKnownFileType = sourcecode.c.objc; path = DPAccessDepartmentCrud.m; sourceTree = "<group>"; };
		2491E15E19F7F0AE009AC42F /* DPStrategyTests.m */ = {isa = PBXFileReference; fileEncoding = 4; lastKnownFileType = sourcecode.c.objc; path = DPStrategyTests.m; sourceTree = "<group>"; };
		2491E16119F7F20E009AC42F /* DPCashContext.h */ = {isa = PBXFileReference; fileEncoding = 4; lastKnownFileType = sourcecode.c.h; path = DPCashContext.h; sourceTree = "<group>"; };
		2491E16219F7F20E009AC42F /* DPCashContext.m */ = {isa = PBXFileReference; fileEncoding = 4; lastKnownFileType = sourcecode.c.objc; path = DPCashContext.m; sourceTree = "<group>"; };
		24B2B0451A05F5C3001D74E0 /* DPTestPaper.h */ = {isa = PBXFileReference; fileEncoding = 4; lastKnownFileType = sourcecode.c.h; path = DPTestPaper.h; sourceTree = "<group>"; };
		24B2B0461A05F5C3001D74E0 /* DPTestPaper.m */ = {isa = PBXFileReference; fileEncoding = 4; lastKnownFileType = sourcecode.c.objc; path = DPTestPaper.m; sourceTree = "<group>"; };
		24B2B0481A06007C001D74E0 /* DPTestPaperA.h */ = {isa = PBXFileReference; fileEncoding = 4; lastKnownFileType = sourcecode.c.h; path = DPTestPaperA.h; sourceTree = "<group>"; };
		24B2B0491A06007C001D74E0 /* DPTestPaperA.m */ = {isa = PBXFileReference; fileEncoding = 4; lastKnownFileType = sourcecode.c.objc; path = DPTestPaperA.m; sourceTree = "<group>"; };
		24B2B04B1A0609A8001D74E0 /* DPTestPaperB.h */ = {isa = PBXFileReference; fileEncoding = 4; lastKnownFileType = sourcecode.c.h; path = DPTestPaperB.h; sourceTree = "<group>"; };
		24B2B04C1A0609A8001D74E0 /* DPTestPaperB.m */ = {isa = PBXFileReference; fileEncoding = 4; lastKnownFileType = sourcecode.c.objc; path = DPTestPaperB.m; sourceTree = "<group>"; };
		24B2B04F1A060A28001D74E0 /* DPTemplateMethodTests.m */ = {isa = PBXFileReference; fileEncoding = 4; lastKnownFileType = sourcecode.c.objc; path = DPTemplateMethodTests.m; sourceTree = "<group>"; };
		24B2B0551A066288001D74E0 /* DPHandsetBrand.h */ = {isa = PBXFileReference; fileEncoding = 4; lastKnownFileType = sourcecode.c.h; path = DPHandsetBrand.h; sourceTree = "<group>"; };
		24B2B0561A066288001D74E0 /* DPHandsetBrand.m */ = {isa = PBXFileReference; fileEncoding = 4; lastKnownFileType = sourcecode.c.objc; path = DPHandsetBrand.m; sourceTree = "<group>"; };
		24B2B0581A066316001D74E0 /* DPHandsetSoft.h */ = {isa = PBXFileReference; fileEncoding = 4; lastKnownFileType = sourcecode.c.h; path = DPHandsetSoft.h; sourceTree = "<group>"; };
		24B2B0591A066366001D74E0 /* DPHandsetGame.h */ = {isa = PBXFileReference; fileEncoding = 4; lastKnownFileType = sourcecode.c.h; path = DPHandsetGame.h; sourceTree = "<group>"; };
		24B2B05A1A066366001D74E0 /* DPHandsetGame.m */ = {isa = PBXFileReference; fileEncoding = 4; lastKnownFileType = sourcecode.c.objc; path = DPHandsetGame.m; sourceTree = "<group>"; };
		24B2B05C1A0663ED001D74E0 /* DPHandsetAddressList.h */ = {isa = PBXFileReference; fileEncoding = 4; lastKnownFileType = sourcecode.c.h; path = DPHandsetAddressList.h; sourceTree = "<group>"; };
		24B2B05D1A0663ED001D74E0 /* DPHandsetAddressList.m */ = {isa = PBXFileReference; fileEncoding = 4; lastKnownFileType = sourcecode.c.objc; path = DPHandsetAddressList.m; sourceTree = "<group>"; };
		24B2B05F1A0664E6001D74E0 /* DPHandsetBrandN.h */ = {isa = PBXFileReference; fileEncoding = 4; lastKnownFileType = sourcecode.c.h; path = DPHandsetBrandN.h; sourceTree = "<group>"; };
		24B2B0601A0664E6001D74E0 /* DPHandsetBrandN.m */ = {isa = PBXFileReference; fileEncoding = 4; lastKnownFileType = sourcecode.c.objc; path = DPHandsetBrandN.m; sourceTree = "<group>"; };
		24B2B0621A066A9F001D74E0 /* DPHandsetBrandM.h */ = {isa = PBXFileReference; fileEncoding = 4; lastKnownFileType = sourcecode.c.h; path = DPHandsetBrandM.h; sourceTree = "<group>"; };
		24B2B0631A066A9F001D74E0 /* DPHandsetBrandM.m */ = {isa = PBXFileReference; fileEncoding = 4; lastKnownFileType = sourcecode.c.objc; path = DPHandsetBrandM.m; sourceTree = "<group>"; };
		24B2B06C1A066B81001D74E0 /* DPBridgeTests.m */ = {isa = PBXFileReference; fileEncoding = 4; lastKnownFileType = sourcecode.c.objc; path = DPBridgeTests.m; sourceTree = "<group>"; };
		24D9587919FE972600C3F23E /* DPEveningState.h */ = {isa = PBXFileReference; fileEncoding = 4; lastKnownFileType = sourcecode.c.h; path = DPEveningState.h; sourceTree = "<group>"; };
		24D9587A19FE972600C3F23E /* DPEveningState.m */ = {isa = PBXFileReference; fileEncoding = 4; lastKnownFileType = sourcecode.c.objc; path = DPEveningState.m; sourceTree = "<group>"; };
		24D9587C19FE979000C3F23E /* DPSleepingState.h */ = {isa = PBXFileReference; fileEncoding = 4; lastKnownFileType = sourcecode.c.h; path = DPSleepingState.h; sourceTree = "<group>"; };
		24D9587D19FE979000C3F23E /* DPSleepingState.m */ = {isa = PBXFileReference; fileEncoding = 4; lastKnownFileType = sourcecode.c.objc; path = DPSleepingState.m; sourceTree = "<group>"; };
		24D9587F19FE979C00C3F23E /* DPRestState.h */ = {isa = PBXFileReference; fileEncoding = 4; lastKnownFileType = sourcecode.c.h; path = DPRestState.h; sourceTree = "<group>"; };
		24D9588019FE979C00C3F23E /* DPRestState.m */ = {isa = PBXFileReference; fileEncoding = 4; lastKnownFileType = sourcecode.c.objc; path = DPRestState.m; sourceTree = "<group>"; };
		24D9588319FE99B800C3F23E /* DPStateTests.m */ = {isa = PBXFileReference; fileEncoding = 4; lastKnownFileType = sourcecode.c.objc; path = DPStateTests.m; sourceTree = "<group>"; };
		24F8A7CB19F4029A00F8BE19 /* DPCashSuper.h */ = {isa = PBXFileReference; fileEncoding = 4; lastKnownFileType = sourcecode.c.h; path = DPCashSuper.h; sourceTree = "<group>"; };
		24F8A7CC19F402B600F8BE19 /* DPCashNormal.h */ = {isa = PBXFileReference; fileEncoding = 4; lastKnownFileType = sourcecode.c.h; path = DPCashNormal.h; sourceTree = "<group>"; };
		24F8A7CD19F402B600F8BE19 /* DPCashNormal.m */ = {isa = PBXFileReference; fileEncoding = 4; lastKnownFileType = sourcecode.c.objc; path = DPCashNormal.m; sourceTree = "<group>"; };
		24F8A7CF19F402C400F8BE19 /* DPCashRebate.h */ = {isa = PBXFileReference; fileEncoding = 4; lastKnownFileType = sourcecode.c.h; path = DPCashRebate.h; sourceTree = "<group>"; };
		24F8A7D019F402C400F8BE19 /* DPCashRebate.m */ = {isa = PBXFileReference; fileEncoding = 4; lastKnownFileType = sourcecode.c.objc; path = DPCashRebate.m; sourceTree = "<group>"; };
		24F8A7D219F402FC00F8BE19 /* DPCashReturn.h */ = {isa = PBXFileReference; fileEncoding = 4; lastKnownFileType = sourcecode.c.h; path = DPCashReturn.h; sourceTree = "<group>"; };
		24F8A7D319F402FC00F8BE19 /* DPCashReturn.m */ = {isa = PBXFileReference; fileEncoding = 4; lastKnownFileType = sourcecode.c.objc; path = DPCashReturn.m; sourceTree = "<group>"; };
/* End PBXFileReference section */

/* Begin PBXFrameworksBuildPhase section */
		2467F50519F37ED800437073 /* Frameworks */ = {
			isa = PBXFrameworksBuildPhase;
			buildActionMask = 2147483647;
			files = (
				2467F50E19F37ED800437073 /* CoreGraphics.framework in Frameworks */,
				2467F51019F37ED800437073 /* UIKit.framework in Frameworks */,
				2467F50C19F37ED800437073 /* Foundation.framework in Frameworks */,
			);
			runOnlyForDeploymentPostprocessing = 0;
		};
		2467F52019F37ED900437073 /* Frameworks */ = {
			isa = PBXFrameworksBuildPhase;
			buildActionMask = 2147483647;
			files = (
				2467F52519F37ED900437073 /* XCTest.framework in Frameworks */,
				2467F52719F37ED900437073 /* UIKit.framework in Frameworks */,
				2467F52619F37ED900437073 /* Foundation.framework in Frameworks */,
			);
			runOnlyForDeploymentPostprocessing = 0;
		};
/* End PBXFrameworksBuildPhase section */

/* Begin PBXGroup section */
		2407155519F3EB9100E9F749 /* AbstractFactory */ = {
			isa = PBXGroup;
			children = (
				2407155619F3EBB500E9F749 /* DPAbstractFactoryTests.m */,
			);
			path = AbstractFactory;
			sourceTree = "<group>";
		};
		245C997D19FE849100B0EBBA /* State */ = {
			isa = PBXGroup;
			children = (
				245C997E19FE8ADB00B0EBBA /* DPState.h */,
				245C997F19FE8B5E00B0EBBA /* DPWork.h */,
				245C998019FE8B5E00B0EBBA /* DPWork.m */,
				245C998219FE8C7900B0EBBA /* DPForenoonState.h */,
				245C998319FE8C7900B0EBBA /* DPForenoonState.m */,
				245C998519FE8F0A00B0EBBA /* DPNoonState.h */,
				245C998619FE8F0A00B0EBBA /* DPNoonState.m */,
				240447D919FE939100FB315D /* DPAfternoonState.h */,
				240447DA19FE939100FB315D /* DPAfternoonState.m */,
				24D9587919FE972600C3F23E /* DPEveningState.h */,
				24D9587A19FE972600C3F23E /* DPEveningState.m */,
				24D9587C19FE979000C3F23E /* DPSleepingState.h */,
				24D9587D19FE979000C3F23E /* DPSleepingState.m */,
				24D9587F19FE979C00C3F23E /* DPRestState.h */,
				24D9588019FE979C00C3F23E /* DPRestState.m */,
			);
			path = State;
			sourceTree = "<group>";
		};
		2467F4FF19F37ED800437073 = {
			isa = PBXGroup;
			children = (
				2467F51119F37ED800437073 /* DesignPatterns */,
				2467F52A19F37ED900437073 /* DesignPatternsTests */,
				2467F50A19F37ED800437073 /* Frameworks */,
				2467F50919F37ED800437073 /* Products */,
			);
			sourceTree = "<group>";
		};
		2467F50919F37ED800437073 /* Products */ = {
			isa = PBXGroup;
			children = (
				2467F50819F37ED800437073 /* DesignPatterns.app */,
				2467F52319F37ED900437073 /* DesignPatternsTests.xctest */,
			);
			name = Products;
			sourceTree = "<group>";
		};
		2467F50A19F37ED800437073 /* Frameworks */ = {
			isa = PBXGroup;
			children = (
				2467F50B19F37ED800437073 /* Foundation.framework */,
				2467F50D19F37ED800437073 /* CoreGraphics.framework */,
				2467F50F19F37ED800437073 /* UIKit.framework */,
				2467F52419F37ED900437073 /* XCTest.framework */,
			);
			name = Frameworks;
			sourceTree = "<group>";
		};
		2467F51119F37ED800437073 /* DesignPatterns */ = {
			isa = PBXGroup;
			children = (
				24B2B0511A065FF5001D74E0 /* Bridge */,
				24B2B0441A05E9D5001D74E0 /* TemplateMethod */,
				245C997D19FE849100B0EBBA /* State */,
				24F8A7C919F4027100F8BE19 /* Strategy */,
				2467F56019F3C67F00437073 /* AbstractFactory */,
				2467F54E19F3907800437073 /* FactoryMethod */,
				2467F53A19F37EEF00437073 /* SimpleFactory */,
				2467F51A19F37ED800437073 /* DPAppDelegate.h */,
				2467F51B19F37ED800437073 /* DPAppDelegate.m */,
				2467F51D19F37ED800437073 /* Images.xcassets */,
				2467F51219F37ED800437073 /* Supporting Files */,
			);
			path = DesignPatterns;
			sourceTree = "<group>";
		};
		2467F51219F37ED800437073 /* Supporting Files */ = {
			isa = PBXGroup;
			children = (
				2467F51319F37ED800437073 /* DesignPatterns-Info.plist */,
				2467F51419F37ED800437073 /* InfoPlist.strings */,
				2467F51719F37ED800437073 /* main.m */,
				2467F51919F37ED800437073 /* DesignPatterns-Prefix.pch */,
			);
			name = "Supporting Files";
			sourceTree = "<group>";
		};
		2467F52A19F37ED900437073 /* DesignPatternsTests */ = {
			isa = PBXGroup;
			children = (
				24B2B0651A066AF1001D74E0 /* Bridge */,
				24B2B04E1A060A0C001D74E0 /* TemplateMethod */,
				24D9588219FE99A900C3F23E /* State */,
				2491E15D19F7F074009AC42F /* Strategy */,
				2407155519F3EB9100E9F749 /* AbstractFactory */,
				2467F55D19F3A1E200437073 /* FactoryMethod */,
				2467F54B19F3813100437073 /* SimpleFactory */,
				2467F52B19F37ED900437073 /* Supporting Files */,
			);
			path = DesignPatternsTests;
			sourceTree = "<group>";
		};
		2467F52B19F37ED900437073 /* Supporting Files */ = {
			isa = PBXGroup;
			children = (
				2467F52C19F37ED900437073 /* DesignPatternsTests-Info.plist */,
				2467F52D19F37ED900437073 /* InfoPlist.strings */,
			);
			name = "Supporting Files";
			sourceTree = "<group>";
		};
		2467F53A19F37EEF00437073 /* SimpleFactory */ = {
			isa = PBXGroup;
			children = (
				2467F53B19F37EEF00437073 /* DPOperation.h */,
				2467F53C19F37EEF00437073 /* DPOperationAdd.h */,
				2467F53D19F37EEF00437073 /* DPOperationAdd.m */,
				2467F53E19F37EEF00437073 /* DPOperationDiv.h */,
				2467F53F19F37EEF00437073 /* DPOperationDiv.m */,
				2467F54019F37EEF00437073 /* DPOperationFactory.h */,
				2467F54119F37EEF00437073 /* DPOperationFactory.m */,
				2467F54219F37EEF00437073 /* DPOperationMul.h */,
				2467F54319F37EEF00437073 /* DPOperationMul.m */,
				2467F54419F37EEF00437073 /* DPOperationSub.h */,
				2467F54519F37EEF00437073 /* DPOperationSub.m */,
			);
			path = SimpleFactory;
			sourceTree = "<group>";
		};
		2467F54B19F3813100437073 /* SimpleFactory */ = {
			isa = PBXGroup;
			children = (
				2467F54C19F3819200437073 /* DPSimpleFactoryTests.m */,
			);
			path = SimpleFactory;
			sourceTree = "<group>";
		};
		2467F54E19F3907800437073 /* FactoryMethod */ = {
			isa = PBXGroup;
			children = (
				2467F54F19F39DE300437073 /* DPLeiFeng.h */,
				2467F55019F39E7C00437073 /* DPUndergraduate.h */,
				2467F55119F39E7C00437073 /* DPUndergraduate.m */,
				2467F55319F39EB700437073 /* DPVolunteer.h */,
				2467F55419F39EB700437073 /* DPVolunteer.m */,
				2467F55619F3A01E00437073 /* DPLeiFengFactory.h */,
				2467F55719F3A0E200437073 /* DPUndergraduateFactory.h */,
				2467F55819F3A0E200437073 /* DPUndergraduateFactory.m */,
				2467F55A19F3A11100437073 /* DPVolunteerFactory.h */,
				2467F55B19F3A11100437073 /* DPVolunteerFactory.m */,
			);
			path = FactoryMethod;
			sourceTree = "<group>";
		};
		2467F55D19F3A1E200437073 /* FactoryMethod */ = {
			isa = PBXGroup;
			children = (
				2467F55E19F3A1F400437073 /* DPFactoryMethodTests.m */,
			);
			path = FactoryMethod;
			sourceTree = "<group>";
		};
		2467F56019F3C67F00437073 /* AbstractFactory */ = {
			isa = PBXGroup;
			children = (
				2467F56119F3CB2700437073 /* DPUser.h */,
				2467F56219F3CB2700437073 /* DPUser.m */,
				2467F56D19F3D13500437073 /* DPUserCrud.h */,
				2467F57419F3D1C700437073 /* DPSqlserverUserCrud.h */,
				2467F57519F3D1C700437073 /* DPSqlserverUserCrud.m */,
				2467F57719F3D1DE00437073 /* DPAccessUserCrud.h */,
				2467F57819F3D1DE00437073 /* DPAccessUserCrud.m */,
				2467F56419F3CB7000437073 /* DPDepartment.h */,
				2467F56519F3CB7000437073 /* DPDepartment.m */,
				2467F57A19F3D21500437073 /* DPDepartmentCrud.h */,
				2467F57B19F3D24B00437073 /* DPSqlserverDepartmentCrud.h */,
				2467F57C19F3D24B00437073 /* DPSqlserverDepartmentCrud.m */,
				2467F57E19F3D25A00437073 /* DPAccessDepartmentCrud.h */,
				2467F57F19F3D25A00437073 /* DPAccessDepartmentCrud.m */,
				2467F56919F3CDF000437073 /* DPFactory.h */,
				2407154F19F3EA5900E9F749 /* DPSqlserverFactory.h */,
				2407155019F3EA5900E9F749 /* DPSqlserverFactory.m */,
				2407155219F3EA6C00E9F749 /* DPAccessFactory.h */,
				2407155319F3EA6C00E9F749 /* DPAccessFactory.m */,
			);
			path = AbstractFactory;
			sourceTree = "<group>";
		};
		2491E15D19F7F074009AC42F /* Strategy */ = {
			isa = PBXGroup;
			children = (
				2491E15E19F7F0AE009AC42F /* DPStrategyTests.m */,
			);
			path = Strategy;
			sourceTree = "<group>";
		};
		24B2B0441A05E9D5001D74E0 /* TemplateMethod */ = {
			isa = PBXGroup;
			children = (
				24B2B0451A05F5C3001D74E0 /* DPTestPaper.h */,
				24B2B0461A05F5C3001D74E0 /* DPTestPaper.m */,
				24B2B0481A06007C001D74E0 /* DPTestPaperA.h */,
				24B2B0491A06007C001D74E0 /* DPTestPaperA.m */,
				24B2B04B1A0609A8001D74E0 /* DPTestPaperB.h */,
				24B2B04C1A0609A8001D74E0 /* DPTestPaperB.m */,
			);
			path = TemplateMethod;
			sourceTree = "<group>";
		};
		24B2B04E1A060A0C001D74E0 /* TemplateMethod */ = {
			isa = PBXGroup;
			children = (
				24B2B04F1A060A28001D74E0 /* DPTemplateMethodTests.m */,
			);
			path = TemplateMethod;
			sourceTree = "<group>";
		};
		24B2B0511A065FF5001D74E0 /* Bridge */ = {
			isa = PBXGroup;
			children = (
				24B2B0551A066288001D74E0 /* DPHandsetBrand.h */,
				24B2B0561A066288001D74E0 /* DPHandsetBrand.m */,
				24B2B0621A066A9F001D74E0 /* DPHandsetBrandM.h */,
				24B2B0631A066A9F001D74E0 /* DPHandsetBrandM.m */,
				24B2B05F1A0664E6001D74E0 /* DPHandsetBrandN.h */,
				24B2B0601A0664E6001D74E0 /* DPHandsetBrandN.m */,
				24B2B0581A066316001D74E0 /* DPHandsetSoft.h */,
				24B2B0591A066366001D74E0 /* DPHandsetGame.h */,
				24B2B05A1A066366001D74E0 /* DPHandsetGame.m */,
				24B2B05C1A0663ED001D74E0 /* DPHandsetAddressList.h */,
				24B2B05D1A0663ED001D74E0 /* DPHandsetAddressList.m */,
			);
			path = Bridge;
			sourceTree = "<group>";
		};
		24B2B0651A066AF1001D74E0 /* Bridge */ = {
			isa = PBXGroup;
			children = (
				24B2B06C1A066B81001D74E0 /* DPBridgeTests.m */,
			);
			path = Bridge;
			sourceTree = "<group>";
		};
		24D9588219FE99A900C3F23E /* State */ = {
			isa = PBXGroup;
			children = (
				24D9588319FE99B800C3F23E /* DPStateTests.m */,
			);
			path = State;
			sourceTree = "<group>";
		};
		24F8A7C919F4027100F8BE19 /* Strategy */ = {
			isa = PBXGroup;
			children = (
				24F8A7CB19F4029A00F8BE19 /* DPCashSuper.h */,
				24F8A7CC19F402B600F8BE19 /* DPCashNormal.h */,
				24F8A7CD19F402B600F8BE19 /* DPCashNormal.m */,
				24F8A7CF19F402C400F8BE19 /* DPCashRebate.h */,
				24F8A7D019F402C400F8BE19 /* DPCashRebate.m */,
				24F8A7D219F402FC00F8BE19 /* DPCashReturn.h */,
				24F8A7D319F402FC00F8BE19 /* DPCashReturn.m */,
				2491E16119F7F20E009AC42F /* DPCashContext.h */,
				2491E16219F7F20E009AC42F /* DPCashContext.m */,
			);
			path = Strategy;
			sourceTree = "<group>";
		};
/* End PBXGroup section */

/* Begin PBXNativeTarget section */
		2467F50719F37ED800437073 /* DesignPatterns */ = {
			isa = PBXNativeTarget;
			buildConfigurationList = 2467F53419F37ED900437073 /* Build configuration list for PBXNativeTarget "DesignPatterns" */;
			buildPhases = (
				2467F50419F37ED800437073 /* Sources */,
				2467F50519F37ED800437073 /* Frameworks */,
				2467F50619F37ED800437073 /* Resources */,
			);
			buildRules = (
			);
			dependencies = (
			);
			name = DesignPatterns;
			productName = DesignPatterns;
			productReference = 2467F50819F37ED800437073 /* DesignPatterns.app */;
			productType = "com.apple.product-type.application";
		};
		2467F52219F37ED900437073 /* DesignPatternsTests */ = {
			isa = PBXNativeTarget;
			buildConfigurationList = 2467F53719F37ED900437073 /* Build configuration list for PBXNativeTarget "DesignPatternsTests" */;
			buildPhases = (
				2467F51F19F37ED900437073 /* Sources */,
				2467F52019F37ED900437073 /* Frameworks */,
				2467F52119F37ED900437073 /* Resources */,
			);
			buildRules = (
			);
			dependencies = (
				2467F52919F37ED900437073 /* PBXTargetDependency */,
			);
			name = DesignPatternsTests;
			productName = DesignPatternsTests;
			productReference = 2467F52319F37ED900437073 /* DesignPatternsTests.xctest */;
			productType = "com.apple.product-type.bundle.unit-test";
		};
/* End PBXNativeTarget section */

/* Begin PBXProject section */
		2467F50019F37ED800437073 /* Project object */ = {
			isa = PBXProject;
			attributes = {
				CLASSPREFIX = DP;
				LastUpgradeCheck = 0510;
				ORGANIZATIONNAME = zdnst;
				TargetAttributes = {
					2467F52219F37ED900437073 = {
						TestTargetID = 2467F50719F37ED800437073;
					};
				};
			};
			buildConfigurationList = 2467F50319F37ED800437073 /* Build configuration list for PBXProject "DesignPatterns" */;
			compatibilityVersion = "Xcode 3.2";
			developmentRegion = English;
			hasScannedForEncodings = 0;
			knownRegions = (
				en,
			);
			mainGroup = 2467F4FF19F37ED800437073;
			productRefGroup = 2467F50919F37ED800437073 /* Products */;
			projectDirPath = "";
			projectRoot = "";
			targets = (
				2467F50719F37ED800437073 /* DesignPatterns */,
				2467F52219F37ED900437073 /* DesignPatternsTests */,
			);
		};
/* End PBXProject section */

/* Begin PBXResourcesBuildPhase section */
		2467F50619F37ED800437073 /* Resources */ = {
			isa = PBXResourcesBuildPhase;
			buildActionMask = 2147483647;
			files = (
				2467F51619F37ED800437073 /* InfoPlist.strings in Resources */,
				2467F51E19F37ED800437073 /* Images.xcassets in Resources */,
			);
			runOnlyForDeploymentPostprocessing = 0;
		};
		2467F52119F37ED900437073 /* Resources */ = {
			isa = PBXResourcesBuildPhase;
			buildActionMask = 2147483647;
			files = (
				2467F52F19F37ED900437073 /* InfoPlist.strings in Resources */,
			);
			runOnlyForDeploymentPostprocessing = 0;
		};
/* End PBXResourcesBuildPhase section */

/* Begin PBXSourcesBuildPhase section */
		2467F50419F37ED800437073 /* Sources */ = {
			isa = PBXSourcesBuildPhase;
			buildActionMask = 2147483647;
			files = (
				2467F54A19F37EEF00437073 /* DPOperationSub.m in Sources */,
				2407155419F3EA6C00E9F749 /* DPAccessFactory.m in Sources */,
				2491E16319F7F20E009AC42F /* DPCashContext.m in Sources */,
				24B2B04D1A0609A8001D74E0 /* DPTestPaperB.m in Sources */,
				2467F54919F37EEF00437073 /* DPOperationMul.m in Sources */,
				2467F55C19F3A11100437073 /* DPVolunteerFactory.m in Sources */,
				24F8A7D419F402FC00F8BE19 /* DPCashReturn.m in Sources */,
				24B2B0611A0664E6001D74E0 /* DPHandsetBrandN.m in Sources */,
				24B2B0571A066288001D74E0 /* DPHandsetBrand.m in Sources */,
				2467F57D19F3D24B00437073 /* DPSqlserverDepartmentCrud.m in Sources */,
				2467F57919F3D1DE00437073 /* DPAccessUserCrud.m in Sources */,
				2467F54619F37EEF00437073 /* DPOperationAdd.m in Sources */,
				24B2B0471A05F5C3001D74E0 /* DPTestPaper.m in Sources */,
				240447DB19FE939100FB315D /* DPAfternoonState.m in Sources */,
				245C998719FE8F0A00B0EBBA /* DPNoonState.m in Sources */,
				24B2B0641A066A9F001D74E0 /* DPHandsetBrandM.m in Sources */,
				24B2B05E1A0663ED001D74E0 /* DPHandsetAddressList.m in Sources */,
				2407155119F3EA5900E9F749 /* DPSqlserverFactory.m in Sources */,
				2467F55219F39E7C00437073 /* DPUndergraduate.m in Sources */,
				24B2B05B1A066366001D74E0 /* DPHandsetGame.m in Sources */,
				2467F51C19F37ED800437073 /* DPAppDelegate.m in Sources */,
				2467F55519F39EB700437073 /* DPVolunteer.m in Sources */,
				2467F57619F3D1C700437073 /* DPSqlserverUserCrud.m in Sources */,
				24D9587B19FE972600C3F23E /* DPEveningState.m in Sources */,
				245C998419FE8C7900B0EBBA /* DPForenoonState.m in Sources */,
				2467F56619F3CB7000437073 /* DPDepartment.m in Sources */,
				24D9588119FE979C00C3F23E /* DPRestState.m in Sources */,
				24F8A7D119F402C400F8BE19 /* DPCashRebate.m in Sources */,
				24B2B04A1A06007C001D74E0 /* DPTestPaperA.m in Sources */,
				2467F51819F37ED800437073 /* main.m in Sources */,
				2467F54819F37EEF00437073 /* DPOperationFactory.m in Sources */,
				245C998119FE8B5E00B0EBBA /* DPWork.m in Sources */,
				2467F58019F3D25A00437073 /* DPAccessDepartmentCrud.m in Sources */,
				24D9587E19FE979000C3F23E /* DPSleepingState.m in Sources */,
				2467F55919F3A0E200437073 /* DPUndergraduateFactory.m in Sources */,
				24F8A7CE19F402B600F8BE19 /* DPCashNormal.m in Sources */,
				2467F56319F3CB2700437073 /* DPUser.m in Sources */,
				2467F54719F37EEF00437073 /* DPOperationDiv.m in Sources */,
			);
			runOnlyForDeploymentPostprocessing = 0;
		};
		2467F51F19F37ED900437073 /* Sources */ = {
			isa = PBXSourcesBuildPhase;
			buildActionMask = 2147483647;
			files = (
				24B2B0501A060A28001D74E0 /* DPTemplateMethodTests.m in Sources */,
				24D9588419FE99B800C3F23E /* DPStateTests.m in Sources */,
				24B2B06D1A066B81001D74E0 /* DPBridgeTests.m in Sources */,
				2407155719F3EBB500E9F749 /* DPAbstractFactoryTests.m in Sources */,
				2467F54D19F3819200437073 /* DPSimpleFactoryTests.m in Sources */,
				2491E15F19F7F0AE009AC42F /* DPStrategyTests.m in Sources */,
				2467F55F19F3A1F400437073 /* DPFactoryMethodTests.m in Sources */,
			);
			runOnlyForDeploymentPostprocessing = 0;
		};
/* End PBXSourcesBuildPhase section */

/* Begin PBXTargetDependency section */
		2467F52919F37ED900437073 /* PBXTargetDependency */ = {
			isa = PBXTargetDependency;
			target = 2467F50719F37ED800437073 /* DesignPatterns */;
			targetProxy = 2467F52819F37ED900437073 /* PBXContainerItemProxy */;
		};
/* End PBXTargetDependency section */

/* Begin PBXVariantGroup section */
		2467F51419F37ED800437073 /* InfoPlist.strings */ = {
			isa = PBXVariantGroup;
			children = (
				2467F51519F37ED800437073 /* en */,
			);
			name = InfoPlist.strings;
			sourceTree = "<group>";
		};
		2467F52D19F37ED900437073 /* InfoPlist.strings */ = {
			isa = PBXVariantGroup;
			children = (
				2467F52E19F37ED900437073 /* en */,
			);
			name = InfoPlist.strings;
			sourceTree = "<group>";
		};
/* End PBXVariantGroup section */

/* Begin XCBuildConfiguration section */
		2467F53219F37ED900437073 /* Debug */ = {
			isa = XCBuildConfiguration;
			buildSettings = {
				ALWAYS_SEARCH_USER_PATHS = NO;
				CLANG_CXX_LANGUAGE_STANDARD = "gnu++0x";
				CLANG_CXX_LIBRARY = "libc++";
				CLANG_ENABLE_MODULES = YES;
				CLANG_ENABLE_OBJC_ARC = YES;
				CLANG_WARN_BOOL_CONVERSION = YES;
				CLANG_WARN_CONSTANT_CONVERSION = YES;
				CLANG_WARN_DIRECT_OBJC_ISA_USAGE = YES_ERROR;
				CLANG_WARN_EMPTY_BODY = YES;
				CLANG_WARN_ENUM_CONVERSION = YES;
				CLANG_WARN_INT_CONVERSION = YES;
				CLANG_WARN_OBJC_ROOT_CLASS = YES_ERROR;
				CLANG_WARN__DUPLICATE_METHOD_MATCH = YES;
				"CODE_SIGN_IDENTITY[sdk=iphoneos*]" = "iPhone Developer";
				COPY_PHASE_STRIP = NO;
				GCC_C_LANGUAGE_STANDARD = gnu99;
				GCC_DYNAMIC_NO_PIC = NO;
				GCC_OPTIMIZATION_LEVEL = 0;
				GCC_PREPROCESSOR_DEFINITIONS = (
					"DEBUG=1",
					"$(inherited)",
				);
				GCC_SYMBOLS_PRIVATE_EXTERN = NO;
				GCC_WARN_64_TO_32_BIT_CONVERSION = YES;
				GCC_WARN_ABOUT_RETURN_TYPE = YES_ERROR;
				GCC_WARN_UNDECLARED_SELECTOR = YES;
				GCC_WARN_UNINITIALIZED_AUTOS = YES_AGGRESSIVE;
				GCC_WARN_UNUSED_FUNCTION = YES;
				GCC_WARN_UNUSED_VARIABLE = YES;
				IPHONEOS_DEPLOYMENT_TARGET = 7.1;
				ONLY_ACTIVE_ARCH = YES;
				SDKROOT = iphoneos;
			};
			name = Debug;
		};
		2467F53319F37ED900437073 /* Release */ = {
			isa = XCBuildConfiguration;
			buildSettings = {
				ALWAYS_SEARCH_USER_PATHS = NO;
				CLANG_CXX_LANGUAGE_STANDARD = "gnu++0x";
				CLANG_CXX_LIBRARY = "libc++";
				CLANG_ENABLE_MODULES = YES;
				CLANG_ENABLE_OBJC_ARC = YES;
				CLANG_WARN_BOOL_CONVERSION = YES;
				CLANG_WARN_CONSTANT_CONVERSION = YES;
				CLANG_WARN_DIRECT_OBJC_ISA_USAGE = YES_ERROR;
				CLANG_WARN_EMPTY_BODY = YES;
				CLANG_WARN_ENUM_CONVERSION = YES;
				CLANG_WARN_INT_CONVERSION = YES;
				CLANG_WARN_OBJC_ROOT_CLASS = YES_ERROR;
				CLANG_WARN__DUPLICATE_METHOD_MATCH = YES;
				"CODE_SIGN_IDENTITY[sdk=iphoneos*]" = "iPhone Developer";
				COPY_PHASE_STRIP = YES;
				ENABLE_NS_ASSERTIONS = NO;
				GCC_C_LANGUAGE_STANDARD = gnu99;
				GCC_WARN_64_TO_32_BIT_CONVERSION = YES;
				GCC_WARN_ABOUT_RETURN_TYPE = YES_ERROR;
				GCC_WARN_UNDECLARED_SELECTOR = YES;
				GCC_WARN_UNINITIALIZED_AUTOS = YES_AGGRESSIVE;
				GCC_WARN_UNUSED_FUNCTION = YES;
				GCC_WARN_UNUSED_VARIABLE = YES;
				IPHONEOS_DEPLOYMENT_TARGET = 7.1;
				SDKROOT = iphoneos;
				VALIDATE_PRODUCT = YES;
			};
			name = Release;
		};
		2467F53519F37ED900437073 /* Debug */ = {
			isa = XCBuildConfiguration;
			buildSettings = {
				ASSETCATALOG_COMPILER_APPICON_NAME = AppIcon;
				ASSETCATALOG_COMPILER_LAUNCHIMAGE_NAME = LaunchImage;
				GCC_PRECOMPILE_PREFIX_HEADER = YES;
				GCC_PREFIX_HEADER = "DesignPatterns/DesignPatterns-Prefix.pch";
				INFOPLIST_FILE = "DesignPatterns/DesignPatterns-Info.plist";
				PRODUCT_NAME = "$(TARGET_NAME)";
				WRAPPER_EXTENSION = app;
			};
			name = Debug;
		};
		2467F53619F37ED900437073 /* Release */ = {
			isa = XCBuildConfiguration;
			buildSettings = {
				ASSETCATALOG_COMPILER_APPICON_NAME = AppIcon;
				ASSETCATALOG_COMPILER_LAUNCHIMAGE_NAME = LaunchImage;
				GCC_PRECOMPILE_PREFIX_HEADER = YES;
				GCC_PREFIX_HEADER = "DesignPatterns/DesignPatterns-Prefix.pch";
				INFOPLIST_FILE = "DesignPatterns/DesignPatterns-Info.plist";
				PRODUCT_NAME = "$(TARGET_NAME)";
				WRAPPER_EXTENSION = app;
			};
			name = Release;
		};
		2467F53819F37ED900437073 /* Debug */ = {
			isa = XCBuildConfiguration;
			buildSettings = {
				BUNDLE_LOADER = "$(BUILT_PRODUCTS_DIR)/DesignPatterns.app/DesignPatterns";
				FRAMEWORK_SEARCH_PATHS = (
					"$(SDKROOT)/Developer/Library/Frameworks",
					"$(inherited)",
					"$(DEVELOPER_FRAMEWORKS_DIR)",
				);
				GCC_PRECOMPILE_PREFIX_HEADER = YES;
				GCC_PREFIX_HEADER = "DesignPatterns/DesignPatterns-Prefix.pch";
				GCC_PREPROCESSOR_DEFINITIONS = (
					"DEBUG=1",
					"$(inherited)",
				);
				INFOPLIST_FILE = "DesignPatternsTests/DesignPatternsTests-Info.plist";
				PRODUCT_NAME = "$(TARGET_NAME)";
				TEST_HOST = "$(BUNDLE_LOADER)";
				WRAPPER_EXTENSION = xctest;
			};
			name = Debug;
		};
		2467F53919F37ED900437073 /* Release */ = {
			isa = XCBuildConfiguration;
			buildSettings = {
				BUNDLE_LOADER = "$(BUILT_PRODUCTS_DIR)/DesignPatterns.app/DesignPatterns";
				FRAMEWORK_SEARCH_PATHS = (
					"$(SDKROOT)/Developer/Library/Frameworks",
					"$(inherited)",
					"$(DEVELOPER_FRAMEWORKS_DIR)",
				);
				GCC_PRECOMPILE_PREFIX_HEADER = YES;
				GCC_PREFIX_HEADER = "DesignPatterns/DesignPatterns-Prefix.pch";
				INFOPLIST_FILE = "DesignPatternsTests/DesignPatternsTests-Info.plist";
				PRODUCT_NAME = "$(TARGET_NAME)";
				TEST_HOST = "$(BUNDLE_LOADER)";
				WRAPPER_EXTENSION = xctest;
			};
			name = Release;
		};
/* End XCBuildConfiguration section */

/* Begin XCConfigurationList section */
		2467F50319F37ED800437073 /* Build configuration list for PBXProject "DesignPatterns" */ = {
			isa = XCConfigurationList;
			buildConfigurations = (
				2467F53219F37ED900437073 /* Debug */,
				2467F53319F37ED900437073 /* Release */,
			);
			defaultConfigurationIsVisible = 0;
			defaultConfigurationName = Release;
		};
		2467F53419F37ED900437073 /* Build configuration list for PBXNativeTarget "DesignPatterns" */ = {
			isa = XCConfigurationList;
			buildConfigurations = (
				2467F53519F37ED900437073 /* Debug */,
				2467F53619F37ED900437073 /* Release */,
			);
			defaultConfigurationIsVisible = 0;
			defaultConfigurationName = Release;
		};
		2467F53719F37ED900437073 /* Build configuration list for PBXNativeTarget "DesignPatternsTests" */ = {
			isa = XCConfigurationList;
			buildConfigurations = (
				2467F53819F37ED900437073 /* Debug */,
				2467F53919F37ED900437073 /* Release */,
			);
			defaultConfigurationIsVisible = 0;
			defaultConfigurationName = Release;
		};
/* End XCConfigurationList section */
	};
	rootObject = 2467F50019F37ED800437073 /* Project object */;
}
