// !$*UTF8*$!
{
	archiveVersion = 1;
	classes = {
	};
	objectVersion = 46;
	objects = {

/* Begin PBXBuildFile section */
		2406AAF11A433A8900B2A359 /* ProxyTests.m in Sources */ = {isa = PBXBuildFile; fileRef = 2406AAF01A433A8900B2A359 /* ProxyTests.m */; };
		2407155719F3EBB500E9F749 /* AbstractFactoryTests.m in Sources */ = {isa = PBXBuildFile; fileRef = 2407155619F3EBB500E9F749 /* AbstractFactoryTests.m */; };
		2437B04B1A089B0C007CE0EF /* SingletonTests.m in Sources */ = {isa = PBXBuildFile; fileRef = 2437B04A1A089B0C007CE0EF /* SingletonTests.m */; };
		245CB44D1BF8A28C0006D277 /* AccessDepartment.m in Sources */ = {isa = PBXBuildFile; fileRef = 245CB3CC1BF8A28C0006D277 /* AccessDepartment.m */; };
		245CB44E1BF8A28C0006D277 /* AccessFactory.m in Sources */ = {isa = PBXBuildFile; fileRef = 245CB3CE1BF8A28C0006D277 /* AccessFactory.m */; };
		245CB44F1BF8A28C0006D277 /* AccessUser.m in Sources */ = {isa = PBXBuildFile; fileRef = 245CB3D01BF8A28C0006D277 /* AccessUser.m */; };
		245CB4501BF8A28C0006D277 /* Department.m in Sources */ = {isa = PBXBuildFile; fileRef = 245CB3D31BF8A28C0006D277 /* Department.m */; };
		245CB4511BF8A28C0006D277 /* User.m in Sources */ = {isa = PBXBuildFile; fileRef = 245CB3D51BF8A28C0006D277 /* User.m */; };
		245CB4521BF8A28C0006D277 /* SQLServerDepartment.m in Sources */ = {isa = PBXBuildFile; fileRef = 245CB3DA1BF8A28C0006D277 /* SQLServerDepartment.m */; };
		245CB4531BF8A28C0006D277 /* SQLServerFactory.m in Sources */ = {isa = PBXBuildFile; fileRef = 245CB3DC1BF8A28C0006D277 /* SQLServerFactory.m */; };
		245CB4541BF8A28C0006D277 /* SQLServerUser.m in Sources */ = {isa = PBXBuildFile; fileRef = 245CB3DE1BF8A28C0006D277 /* SQLServerUser.m */; };
		245CB4551BF8A28C0006D277 /* HandsetAddressList.m in Sources */ = {isa = PBXBuildFile; fileRef = 245CB3E11BF8A28C0006D277 /* HandsetAddressList.m */; };
		245CB4561BF8A28C0006D277 /* HandsetBrand.m in Sources */ = {isa = PBXBuildFile; fileRef = 245CB3E31BF8A28C0006D277 /* HandsetBrand.m */; };
		245CB4571BF8A28C0006D277 /* HandsetBrandM.m in Sources */ = {isa = PBXBuildFile; fileRef = 245CB3E51BF8A28C0006D277 /* HandsetBrandM.m */; };
		245CB4581BF8A28C0006D277 /* HandsetBrandN.m in Sources */ = {isa = PBXBuildFile; fileRef = 245CB3E71BF8A28C0006D277 /* HandsetBrandN.m */; };
		245CB4591BF8A28C0006D277 /* HandsetGame.m in Sources */ = {isa = PBXBuildFile; fileRef = 245CB3E91BF8A28C0006D277 /* HandsetGame.m */; };
		245CB45A1BF8A28C0006D277 /* PersonDirector.m in Sources */ = {isa = PBXBuildFile; fileRef = 245CB3EE1BF8A28C0006D277 /* PersonDirector.m */; };
		245CB45B1BF8A28C0006D277 /* PersonFatBuilder.m in Sources */ = {isa = PBXBuildFile; fileRef = 245CB3F01BF8A28C0006D277 /* PersonFatBuilder.m */; };
		245CB45C1BF8A28C0006D277 /* PersonThinBuilder.m in Sources */ = {isa = PBXBuildFile; fileRef = 245CB3F21BF8A28C0006D277 /* PersonThinBuilder.m */; };
		245CB45D1BF8A28C0006D277 /* Fund.m in Sources */ = {isa = PBXBuildFile; fileRef = 245CB3F51BF8A28C0006D277 /* Fund.m */; };
		245CB45E1BF8A28C0006D277 /* NationalDebt1.m in Sources */ = {isa = PBXBuildFile; fileRef = 245CB3F71BF8A28C0006D277 /* NationalDebt1.m */; };
		245CB45F1BF8A28C0006D277 /* Realty1.m in Sources */ = {isa = PBXBuildFile; fileRef = 245CB3F91BF8A28C0006D277 /* Realty1.m */; };
		245CB4601BF8A28C0006D277 /* Stock1.m in Sources */ = {isa = PBXBuildFile; fileRef = 245CB3FB1BF8A28C0006D277 /* Stock1.m */; };
		245CB4611BF8A28C0006D277 /* Stock2.m in Sources */ = {isa = PBXBuildFile; fileRef = 245CB3FD1BF8A28C0006D277 /* Stock2.m */; };
		245CB4621BF8A28C0006D277 /* Stock3.m in Sources */ = {isa = PBXBuildFile; fileRef = 245CB3FF1BF8A28C0006D277 /* Stock3.m */; };
		245CB4631BF8A28C0006D277 /* Undergraduate.m in Sources */ = {isa = PBXBuildFile; fileRef = 245CB4041BF8A28C0006D277 /* Undergraduate.m */; };
		245CB4641BF8A28C0006D277 /* UndergraduateFactory.m in Sources */ = {isa = PBXBuildFile; fileRef = 245CB4061BF8A28C0006D277 /* UndergraduateFactory.m */; };
		245CB4651BF8A28C0006D277 /* Volunteer.m in Sources */ = {isa = PBXBuildFile; fileRef = 245CB4081BF8A28C0006D277 /* Volunteer.m */; };
		245CB4661BF8A28C0006D277 /* VolunteerFactory.m in Sources */ = {isa = PBXBuildFile; fileRef = 245CB40A1BF8A28C0006D277 /* VolunteerFactory.m */; };
		245CB4671BF8A28C0006D277 /* Resume.m in Sources */ = {isa = PBXBuildFile; fileRef = 245CB40D1BF8A28C0006D277 /* Resume.m */; };
		245CB4681BF8A28C0006D277 /* ResumeDeepCopy.m in Sources */ = {isa = PBXBuildFile; fileRef = 245CB40F1BF8A28C0006D277 /* ResumeDeepCopy.m */; };
		245CB4691BF8A28C0006D277 /* ResumeShallowCopy.m in Sources */ = {isa = PBXBuildFile; fileRef = 245CB4111BF8A28C0006D277 /* ResumeShallowCopy.m */; };
		245CB46A1BF8A28C0006D277 /* WorkExperience.m in Sources */ = {isa = PBXBuildFile; fileRef = 245CB4131BF8A28C0006D277 /* WorkExperience.m */; };
		245CB46B1BF8A28C0006D277 /* Proxy.m in Sources */ = {isa = PBXBuildFile; fileRef = 245CB4171BF8A28C0006D277 /* Proxy.m */; };
		245CB46C1BF8A28C0006D277 /* Pursuit.m in Sources */ = {isa = PBXBuildFile; fileRef = 245CB4191BF8A28C0006D277 /* Pursuit.m */; };
		245CB46D1BF8A28C0006D277 /* SchoolGirl.m in Sources */ = {isa = PBXBuildFile; fileRef = 245CB41B1BF8A28C0006D277 /* SchoolGirl.m */; };
		245CB46E1BF8A28C0006D277 /* Operation.m in Sources */ = {isa = PBXBuildFile; fileRef = 245CB41E1BF8A28C0006D277 /* Operation.m */; };
		245CB46F1BF8A28C0006D277 /* OperationAdd.m in Sources */ = {isa = PBXBuildFile; fileRef = 245CB4201BF8A28C0006D277 /* OperationAdd.m */; };
		245CB4701BF8A28C0006D277 /* OperationDiv.m in Sources */ = {isa = PBXBuildFile; fileRef = 245CB4221BF8A28C0006D277 /* OperationDiv.m */; };
		245CB4711BF8A28C0006D277 /* OperationFactory.m in Sources */ = {isa = PBXBuildFile; fileRef = 245CB4241BF8A28C0006D277 /* OperationFactory.m */; };
		245CB4721BF8A28C0006D277 /* OperationMul.m in Sources */ = {isa = PBXBuildFile; fileRef = 245CB4261BF8A28C0006D277 /* OperationMul.m */; };
		245CB4731BF8A28C0006D277 /* OperationSub.m in Sources */ = {isa = PBXBuildFile; fileRef = 245CB4281BF8A28C0006D277 /* OperationSub.m */; };
		245CB4741BF8A28C0006D277 /* Singleton.m in Sources */ = {isa = PBXBuildFile; fileRef = 245CB42B1BF8A28C0006D277 /* Singleton.m */; };
		245CB4751BF8A28C0006D277 /* AfternoonState.m in Sources */ = {isa = PBXBuildFile; fileRef = 245CB42E1BF8A28C0006D277 /* AfternoonState.m */; };
		245CB4761BF8A28C0006D277 /* EveningState.m in Sources */ = {isa = PBXBuildFile; fileRef = 245CB4301BF8A28C0006D277 /* EveningState.m */; };
		245CB4771BF8A28C0006D277 /* ForenoonState.m in Sources */ = {isa = PBXBuildFile; fileRef = 245CB4321BF8A28C0006D277 /* ForenoonState.m */; };
		245CB4781BF8A28C0006D277 /* NoonState.m in Sources */ = {isa = PBXBuildFile; fileRef = 245CB4341BF8A28C0006D277 /* NoonState.m */; };
		245CB4791BF8A28C0006D277 /* RestState.m in Sources */ = {isa = PBXBuildFile; fileRef = 245CB4361BF8A28C0006D277 /* RestState.m */; };
		245CB47A1BF8A28C0006D277 /* SleepingState.m in Sources */ = {isa = PBXBuildFile; fileRef = 245CB4381BF8A28C0006D277 /* SleepingState.m */; };
		245CB47B1BF8A28C0006D277 /* Work.m in Sources */ = {isa = PBXBuildFile; fileRef = 245CB43B1BF8A28C0006D277 /* Work.m */; };
		245CB47C1BF8A28C0006D277 /* CashContext.m in Sources */ = {isa = PBXBuildFile; fileRef = 245CB43E1BF8A28C0006D277 /* CashContext.m */; };
		245CB47D1BF8A28C0006D277 /* CashNormal.m in Sources */ = {isa = PBXBuildFile; fileRef = 245CB4401BF8A28C0006D277 /* CashNormal.m */; };
		245CB47E1BF8A28C0006D277 /* CashRebate.m in Sources */ = {isa = PBXBuildFile; fileRef = 245CB4421BF8A28C0006D277 /* CashRebate.m */; };
		245CB47F1BF8A28C0006D277 /* CashReturn.m in Sources */ = {isa = PBXBuildFile; fileRef = 245CB4441BF8A28C0006D277 /* CashReturn.m */; };
		245CB4801BF8A28C0006D277 /* TestPaper.m in Sources */ = {isa = PBXBuildFile; fileRef = 245CB4481BF8A28C0006D277 /* TestPaper.m */; };
		245CB4811BF8A28C0006D277 /* TestPaperA.m in Sources */ = {isa = PBXBuildFile; fileRef = 245CB44A1BF8A28C0006D277 /* TestPaperA.m */; };
		245CB4821BF8A28C0006D277 /* TestPaperB.m in Sources */ = {isa = PBXBuildFile; fileRef = 245CB44C1BF8A28C0006D277 /* TestPaperB.m */; };
		2467F50C19F37ED800437073 /* Foundation.framework in Frameworks */ = {isa = PBXBuildFile; fileRef = 2467F50B19F37ED800437073 /* Foundation.framework */; };
		2467F50E19F37ED800437073 /* CoreGraphics.framework in Frameworks */ = {isa = PBXBuildFile; fileRef = 2467F50D19F37ED800437073 /* CoreGraphics.framework */; };
		2467F51019F37ED800437073 /* UIKit.framework in Frameworks */ = {isa = PBXBuildFile; fileRef = 2467F50F19F37ED800437073 /* UIKit.framework */; };
		2467F51619F37ED800437073 /* InfoPlist.strings in Resources */ = {isa = PBXBuildFile; fileRef = 2467F51419F37ED800437073 /* InfoPlist.strings */; };
		2467F51819F37ED800437073 /* main.m in Sources */ = {isa = PBXBuildFile; fileRef = 2467F51719F37ED800437073 /* main.m */; };
		2467F51C19F37ED800437073 /* AppDelegate.m in Sources */ = {isa = PBXBuildFile; fileRef = 2467F51B19F37ED800437073 /* AppDelegate.m */; };
		2467F51E19F37ED800437073 /* Images.xcassets in Resources */ = {isa = PBXBuildFile; fileRef = 2467F51D19F37ED800437073 /* Images.xcassets */; };
		2467F52519F37ED900437073 /* XCTest.framework in Frameworks */ = {isa = PBXBuildFile; fileRef = 2467F52419F37ED900437073 /* XCTest.framework */; };
		2467F52619F37ED900437073 /* Foundation.framework in Frameworks */ = {isa = PBXBuildFile; fileRef = 2467F50B19F37ED800437073 /* Foundation.framework */; };
		2467F52719F37ED900437073 /* UIKit.framework in Frameworks */ = {isa = PBXBuildFile; fileRef = 2467F50F19F37ED800437073 /* UIKit.framework */; };
		2467F52F19F37ED900437073 /* InfoPlist.strings in Resources */ = {isa = PBXBuildFile; fileRef = 2467F52D19F37ED900437073 /* InfoPlist.strings */; };
		2467F54D19F3819200437073 /* SimpleFactoryTests.m in Sources */ = {isa = PBXBuildFile; fileRef = 2467F54C19F3819200437073 /* SimpleFactoryTests.m */; };
		2467F55F19F3A1F400437073 /* FactoryMethodTests.m in Sources */ = {isa = PBXBuildFile; fileRef = 2467F55E19F3A1F400437073 /* FactoryMethodTests.m */; };
		2491E15F19F7F0AE009AC42F /* StrategyTests.m in Sources */ = {isa = PBXBuildFile; fileRef = 2491E15E19F7F0AE009AC42F /* StrategyTests.m */; };
		24926FD51A43272A006E188B /* FacadeTests.m in Sources */ = {isa = PBXBuildFile; fileRef = 24926FD41A43272A006E188B /* FacadeTests.m */; };
		24B2B0501A060A28001D74E0 /* TemplateMethodTests.m in Sources */ = {isa = PBXBuildFile; fileRef = 24B2B04F1A060A28001D74E0 /* TemplateMethodTests.m */; };
		24B2B06D1A066B81001D74E0 /* BridgeTests.m in Sources */ = {isa = PBXBuildFile; fileRef = 24B2B06C1A066B81001D74E0 /* BridgeTests.m */; };
		24B2B0841A067DB1001D74E0 /* BuilderTests.m in Sources */ = {isa = PBXBuildFile; fileRef = 24B2B0831A067DB1001D74E0 /* BuilderTests.m */; };
		24BD698A1A4477170007D525 /* PrototypeTests.m in Sources */ = {isa = PBXBuildFile; fileRef = 24BD69891A4477170007D525 /* PrototypeTests.m */; };
		24D9588419FE99B800C3F23E /* StateTests.m in Sources */ = {isa = PBXBuildFile; fileRef = 24D9588319FE99B800C3F23E /* StateTests.m */; };
/* End PBXBuildFile section */

/* Begin PBXContainerItemProxy section */
		2467F52819F37ED900437073 /* PBXContainerItemProxy */ = {
			isa = PBXContainerItemProxy;
			containerPortal = 2467F50019F37ED800437073 /* Project object */;
			proxyType = 1;
			remoteGlobalIDString = 2467F50719F37ED800437073;
			remoteInfo = DesignPatterns;
		};
/* End PBXContainerItemProxy section */

/* Begin PBXFileReference section */
		2406AAF01A433A8900B2A359 /* ProxyTests.m */ = {isa = PBXFileReference; fileEncoding = 4; lastKnownFileType = sourcecode.c.objc; path = ProxyTests.m; sourceTree = "<group>"; };
		2407155619F3EBB500E9F749 /* AbstractFactoryTests.m */ = {isa = PBXFileReference; fileEncoding = 4; lastKnownFileType = sourcecode.c.objc; path = AbstractFactoryTests.m; sourceTree = "<group>"; };
		2437B04A1A089B0C007CE0EF /* SingletonTests.m */ = {isa = PBXFileReference; fileEncoding = 4; lastKnownFileType = sourcecode.c.objc; path = SingletonTests.m; sourceTree = "<group>"; };
		245CB3CB1BF8A28C0006D277 /* AccessDepartment.h */ = {isa = PBXFileReference; fileEncoding = 4; lastKnownFileType = sourcecode.c.h; path = AccessDepartment.h; sourceTree = "<group>"; };
		245CB3CC1BF8A28C0006D277 /* AccessDepartment.m */ = {isa = PBXFileReference; fileEncoding = 4; lastKnownFileType = sourcecode.c.objc; path = AccessDepartment.m; sourceTree = "<group>"; };
		245CB3CD1BF8A28C0006D277 /* AccessFactory.h */ = {isa = PBXFileReference; fileEncoding = 4; lastKnownFileType = sourcecode.c.h; path = AccessFactory.h; sourceTree = "<group>"; };
		245CB3CE1BF8A28C0006D277 /* AccessFactory.m */ = {isa = PBXFileReference; fileEncoding = 4; lastKnownFileType = sourcecode.c.objc; path = AccessFactory.m; sourceTree = "<group>"; };
		245CB3CF1BF8A28C0006D277 /* AccessUser.h */ = {isa = PBXFileReference; fileEncoding = 4; lastKnownFileType = sourcecode.c.h; path = AccessUser.h; sourceTree = "<group>"; };
		245CB3D01BF8A28C0006D277 /* AccessUser.m */ = {isa = PBXFileReference; fileEncoding = 4; lastKnownFileType = sourcecode.c.objc; path = AccessUser.m; sourceTree = "<group>"; };
		245CB3D21BF8A28C0006D277 /* Department.h */ = {isa = PBXFileReference; fileEncoding = 4; lastKnownFileType = sourcecode.c.h; path = Department.h; sourceTree = "<group>"; };
		245CB3D31BF8A28C0006D277 /* Department.m */ = {isa = PBXFileReference; fileEncoding = 4; lastKnownFileType = sourcecode.c.objc; path = Department.m; sourceTree = "<group>"; };
		245CB3D41BF8A28C0006D277 /* User.h */ = {isa = PBXFileReference; fileEncoding = 4; lastKnownFileType = sourcecode.c.h; path = User.h; sourceTree = "<group>"; };
		245CB3D51BF8A28C0006D277 /* User.m */ = {isa = PBXFileReference; fileEncoding = 4; lastKnownFileType = sourcecode.c.objc; path = User.m; sourceTree = "<group>"; };
		245CB3D61BF8A28C0006D277 /* IDepartment.h */ = {isa = PBXFileReference; fileEncoding = 4; lastKnownFileType = sourcecode.c.h; path = IDepartment.h; sourceTree = "<group>"; };
		245CB3D71BF8A28C0006D277 /* IFactory.h */ = {isa = PBXFileReference; fileEncoding = 4; lastKnownFileType = sourcecode.c.h; path = IFactory.h; sourceTree = "<group>"; };
		245CB3D81BF8A28C0006D277 /* IUser.h */ = {isa = PBXFileReference; fileEncoding = 4; lastKnownFileType = sourcecode.c.h; path = IUser.h; sourceTree = "<group>"; };
		245CB3D91BF8A28C0006D277 /* SQLServerDepartment.h */ = {isa = PBXFileReference; fileEncoding = 4; lastKnownFileType = sourcecode.c.h; path = SQLServerDepartment.h; sourceTree = "<group>"; };
		245CB3DA1BF8A28C0006D277 /* SQLServerDepartment.m */ = {isa = PBXFileReference; fileEncoding = 4; lastKnownFileType = sourcecode.c.objc; path = SQLServerDepartment.m; sourceTree = "<group>"; };
		245CB3DB1BF8A28C0006D277 /* SQLServerFactory.h */ = {isa = PBXFileReference; fileEncoding = 4; lastKnownFileType = sourcecode.c.h; path = SQLServerFactory.h; sourceTree = "<group>"; };
		245CB3DC1BF8A28C0006D277 /* SQLServerFactory.m */ = {isa = PBXFileReference; fileEncoding = 4; lastKnownFileType = sourcecode.c.objc; path = SQLServerFactory.m; sourceTree = "<group>"; };
		245CB3DD1BF8A28C0006D277 /* SQLServerUser.h */ = {isa = PBXFileReference; fileEncoding = 4; lastKnownFileType = sourcecode.c.h; path = SQLServerUser.h; sourceTree = "<group>"; };
		245CB3DE1BF8A28C0006D277 /* SQLServerUser.m */ = {isa = PBXFileReference; fileEncoding = 4; lastKnownFileType = sourcecode.c.objc; path = SQLServerUser.m; sourceTree = "<group>"; };
		245CB3E01BF8A28C0006D277 /* HandsetAddressList.h */ = {isa = PBXFileReference; fileEncoding = 4; lastKnownFileType = sourcecode.c.h; path = HandsetAddressList.h; sourceTree = "<group>"; };
		245CB3E11BF8A28C0006D277 /* HandsetAddressList.m */ = {isa = PBXFileReference; fileEncoding = 4; lastKnownFileType = sourcecode.c.objc; path = HandsetAddressList.m; sourceTree = "<group>"; };
		245CB3E21BF8A28C0006D277 /* HandsetBrand.h */ = {isa = PBXFileReference; fileEncoding = 4; lastKnownFileType = sourcecode.c.h; path = HandsetBrand.h; sourceTree = "<group>"; };
		245CB3E31BF8A28C0006D277 /* HandsetBrand.m */ = {isa = PBXFileReference; fileEncoding = 4; lastKnownFileType = sourcecode.c.objc; path = HandsetBrand.m; sourceTree = "<group>"; };
		245CB3E41BF8A28C0006D277 /* HandsetBrandM.h */ = {isa = PBXFileReference; fileEncoding = 4; lastKnownFileType = sourcecode.c.h; path = HandsetBrandM.h; sourceTree = "<group>"; };
		245CB3E51BF8A28C0006D277 /* HandsetBrandM.m */ = {isa = PBXFileReference; fileEncoding = 4; lastKnownFileType = sourcecode.c.objc; path = HandsetBrandM.m; sourceTree = "<group>"; };
		245CB3E61BF8A28C0006D277 /* HandsetBrandN.h */ = {isa = PBXFileReference; fileEncoding = 4; lastKnownFileType = sourcecode.c.h; path = HandsetBrandN.h; sourceTree = "<group>"; };
		245CB3E71BF8A28C0006D277 /* HandsetBrandN.m */ = {isa = PBXFileReference; fileEncoding = 4; lastKnownFileType = sourcecode.c.objc; path = HandsetBrandN.m; sourceTree = "<group>"; };
		245CB3E81BF8A28C0006D277 /* HandsetGame.h */ = {isa = PBXFileReference; fileEncoding = 4; lastKnownFileType = sourcecode.c.h; path = HandsetGame.h; sourceTree = "<group>"; };
		245CB3E91BF8A28C0006D277 /* HandsetGame.m */ = {isa = PBXFileReference; fileEncoding = 4; lastKnownFileType = sourcecode.c.objc; path = HandsetGame.m; sourceTree = "<group>"; };
		245CB3EA1BF8A28C0006D277 /* HandsetSoft.h */ = {isa = PBXFileReference; fileEncoding = 4; lastKnownFileType = sourcecode.c.h; path = HandsetSoft.h; sourceTree = "<group>"; };
		245CB3EC1BF8A28C0006D277 /* PersonBuilder.h */ = {isa = PBXFileReference; fileEncoding = 4; lastKnownFileType = sourcecode.c.h; path = PersonBuilder.h; sourceTree = "<group>"; };
		245CB3ED1BF8A28C0006D277 /* PersonDirector.h */ = {isa = PBXFileReference; fileEncoding = 4; lastKnownFileType = sourcecode.c.h; path = PersonDirector.h; sourceTree = "<group>"; };
		245CB3EE1BF8A28C0006D277 /* PersonDirector.m */ = {isa = PBXFileReference; fileEncoding = 4; lastKnownFileType = sourcecode.c.objc; path = PersonDirector.m; sourceTree = "<group>"; };
		245CB3EF1BF8A28C0006D277 /* PersonFatBuilder.h */ = {isa = PBXFileReference; fileEncoding = 4; lastKnownFileType = sourcecode.c.h; path = PersonFatBuilder.h; sourceTree = "<group>"; };
		245CB3F01BF8A28C0006D277 /* PersonFatBuilder.m */ = {isa = PBXFileReference; fileEncoding = 4; lastKnownFileType = sourcecode.c.objc; path = PersonFatBuilder.m; sourceTree = "<group>"; };
		245CB3F11BF8A28C0006D277 /* PersonThinBuilder.h */ = {isa = PBXFileReference; fileEncoding = 4; lastKnownFileType = sourcecode.c.h; path = PersonThinBuilder.h; sourceTree = "<group>"; };
		245CB3F21BF8A28C0006D277 /* PersonThinBuilder.m */ = {isa = PBXFileReference; fileEncoding = 4; lastKnownFileType = sourcecode.c.objc; path = PersonThinBuilder.m; sourceTree = "<group>"; };
		245CB3F41BF8A28C0006D277 /* Fund.h */ = {isa = PBXFileReference; fileEncoding = 4; lastKnownFileType = sourcecode.c.h; path = Fund.h; sourceTree = "<group>"; };
		245CB3F51BF8A28C0006D277 /* Fund.m */ = {isa = PBXFileReference; fileEncoding = 4; lastKnownFileType = sourcecode.c.objc; path = Fund.m; sourceTree = "<group>"; };
		245CB3F61BF8A28C0006D277 /* NationalDebt1.h */ = {isa = PBXFileReference; fileEncoding = 4; lastKnownFileType = sourcecode.c.h; path = NationalDebt1.h; sourceTree = "<group>"; };
		245CB3F71BF8A28C0006D277 /* NationalDebt1.m */ = {isa = PBXFileReference; fileEncoding = 4; lastKnownFileType = sourcecode.c.objc; path = NationalDebt1.m; sourceTree = "<group>"; };
		245CB3F81BF8A28C0006D277 /* Realty1.h */ = {isa = PBXFileReference; fileEncoding = 4; lastKnownFileType = sourcecode.c.h; path = Realty1.h; sourceTree = "<group>"; };
		245CB3F91BF8A28C0006D277 /* Realty1.m */ = {isa = PBXFileReference; fileEncoding = 4; lastKnownFileType = sourcecode.c.objc; path = Realty1.m; sourceTree = "<group>"; };
		245CB3FA1BF8A28C0006D277 /* Stock1.h */ = {isa = PBXFileReference; fileEncoding = 4; lastKnownFileType = sourcecode.c.h; path = Stock1.h; sourceTree = "<group>"; };
		245CB3FB1BF8A28C0006D277 /* Stock1.m */ = {isa = PBXFileReference; fileEncoding = 4; lastKnownFileType = sourcecode.c.objc; path = Stock1.m; sourceTree = "<group>"; };
		245CB3FC1BF8A28C0006D277 /* Stock2.h */ = {isa = PBXFileReference; fileEncoding = 4; lastKnownFileType = sourcecode.c.h; path = Stock2.h; sourceTree = "<group>"; };
		245CB3FD1BF8A28C0006D277 /* Stock2.m */ = {isa = PBXFileReference; fileEncoding = 4; lastKnownFileType = sourcecode.c.objc; path = Stock2.m; sourceTree = "<group>"; };
		245CB3FE1BF8A28C0006D277 /* Stock3.h */ = {isa = PBXFileReference; fileEncoding = 4; lastKnownFileType = sourcecode.c.h; path = Stock3.h; sourceTree = "<group>"; };
		245CB3FF1BF8A28C0006D277 /* Stock3.m */ = {isa = PBXFileReference; fileEncoding = 4; lastKnownFileType = sourcecode.c.objc; path = Stock3.m; sourceTree = "<group>"; };
		245CB4011BF8A28C0006D277 /* ILeiFeng.h */ = {isa = PBXFileReference; fileEncoding = 4; lastKnownFileType = sourcecode.c.h; path = ILeiFeng.h; sourceTree = "<group>"; };
		245CB4021BF8A28C0006D277 /* ILeiFengFactory.h */ = {isa = PBXFileReference; fileEncoding = 4; lastKnownFileType = sourcecode.c.h; path = ILeiFengFactory.h; sourceTree = "<group>"; };
		245CB4031BF8A28C0006D277 /* Undergraduate.h */ = {isa = PBXFileReference; fileEncoding = 4; lastKnownFileType = sourcecode.c.h; path = Undergraduate.h; sourceTree = "<group>"; };
		245CB4041BF8A28C0006D277 /* Undergraduate.m */ = {isa = PBXFileReference; fileEncoding = 4; lastKnownFileType = sourcecode.c.objc; path = Undergraduate.m; sourceTree = "<group>"; };
		245CB4051BF8A28C0006D277 /* UndergraduateFactory.h */ = {isa = PBXFileReference; fileEncoding = 4; lastKnownFileType = sourcecode.c.h; path = UndergraduateFactory.h; sourceTree = "<group>"; };
		245CB4061BF8A28C0006D277 /* UndergraduateFactory.m */ = {isa = PBXFileReference; fileEncoding = 4; lastKnownFileType = sourcecode.c.objc; path = UndergraduateFactory.m; sourceTree = "<group>"; };
		245CB4071BF8A28C0006D277 /* Volunteer.h */ = {isa = PBXFileReference; fileEncoding = 4; lastKnownFileType = sourcecode.c.h; path = Volunteer.h; sourceTree = "<group>"; };
		245CB4081BF8A28C0006D277 /* Volunteer.m */ = {isa = PBXFileReference; fileEncoding = 4; lastKnownFileType = sourcecode.c.objc; path = Volunteer.m; sourceTree = "<group>"; };
		245CB4091BF8A28C0006D277 /* VolunteerFactory.h */ = {isa = PBXFileReference; fileEncoding = 4; lastKnownFileType = sourcecode.c.h; path = VolunteerFactory.h; sourceTree = "<group>"; };
		245CB40A1BF8A28C0006D277 /* VolunteerFactory.m */ = {isa = PBXFileReference; fileEncoding = 4; lastKnownFileType = sourcecode.c.objc; path = VolunteerFactory.m; sourceTree = "<group>"; };
		245CB40C1BF8A28C0006D277 /* Resume.h */ = {isa = PBXFileReference; fileEncoding = 4; lastKnownFileType = sourcecode.c.h; path = Resume.h; sourceTree = "<group>"; };
		245CB40D1BF8A28C0006D277 /* Resume.m */ = {isa = PBXFileReference; fileEncoding = 4; lastKnownFileType = sourcecode.c.objc; path = Resume.m; sourceTree = "<group>"; };
		245CB40E1BF8A28C0006D277 /* ResumeDeepCopy.h */ = {isa = PBXFileReference; fileEncoding = 4; lastKnownFileType = sourcecode.c.h; path = ResumeDeepCopy.h; sourceTree = "<group>"; };
		245CB40F1BF8A28C0006D277 /* ResumeDeepCopy.m */ = {isa = PBXFileReference; fileEncoding = 4; lastKnownFileType = sourcecode.c.objc; path = ResumeDeepCopy.m; sourceTree = "<group>"; };
		245CB4101BF8A28C0006D277 /* ResumeShallowCopy.h */ = {isa = PBXFileReference; fileEncoding = 4; lastKnownFileType = sourcecode.c.h; path = ResumeShallowCopy.h; sourceTree = "<group>"; };
		245CB4111BF8A28C0006D277 /* ResumeShallowCopy.m */ = {isa = PBXFileReference; fileEncoding = 4; lastKnownFileType = sourcecode.c.objc; path = ResumeShallowCopy.m; sourceTree = "<group>"; };
		245CB4121BF8A28C0006D277 /* WorkExperience.h */ = {isa = PBXFileReference; fileEncoding = 4; lastKnownFileType = sourcecode.c.h; path = WorkExperience.h; sourceTree = "<group>"; };
		245CB4131BF8A28C0006D277 /* WorkExperience.m */ = {isa = PBXFileReference; fileEncoding = 4; lastKnownFileType = sourcecode.c.objc; path = WorkExperience.m; sourceTree = "<group>"; };
		245CB4151BF8A28C0006D277 /* GiveGift.h */ = {isa = PBXFileReference; fileEncoding = 4; lastKnownFileType = sourcecode.c.h; path = GiveGift.h; sourceTree = "<group>"; };
		245CB4161BF8A28C0006D277 /* Proxy.h */ = {isa = PBXFileReference; fileEncoding = 4; lastKnownFileType = sourcecode.c.h; path = Proxy.h; sourceTree = "<group>"; };
		245CB4171BF8A28C0006D277 /* Proxy.m */ = {isa = PBXFileReference; fileEncoding = 4; lastKnownFileType = sourcecode.c.objc; path = Proxy.m; sourceTree = "<group>"; };
		245CB4181BF8A28C0006D277 /* Pursuit.h */ = {isa = PBXFileReference; fileEncoding = 4; lastKnownFileType = sourcecode.c.h; path = Pursuit.h; sourceTree = "<group>"; };
		245CB4191BF8A28C0006D277 /* Pursuit.m */ = {isa = PBXFileReference; fileEncoding = 4; lastKnownFileType = sourcecode.c.objc; path = Pursuit.m; sourceTree = "<group>"; };
		245CB41A1BF8A28C0006D277 /* SchoolGirl.h */ = {isa = PBXFileReference; fileEncoding = 4; lastKnownFileType = sourcecode.c.h; path = SchoolGirl.h; sourceTree = "<group>"; };
		245CB41B1BF8A28C0006D277 /* SchoolGirl.m */ = {isa = PBXFileReference; fileEncoding = 4; lastKnownFileType = sourcecode.c.objc; path = SchoolGirl.m; sourceTree = "<group>"; };
		245CB41D1BF8A28C0006D277 /* Operation.h */ = {isa = PBXFileReference; fileEncoding = 4; lastKnownFileType = sourcecode.c.h; path = Operation.h; sourceTree = "<group>"; };
		245CB41E1BF8A28C0006D277 /* Operation.m */ = {isa = PBXFileReference; fileEncoding = 4; lastKnownFileType = sourcecode.c.objc; path = Operation.m; sourceTree = "<group>"; };
		245CB41F1BF8A28C0006D277 /* OperationAdd.h */ = {isa = PBXFileReference; fileEncoding = 4; lastKnownFileType = sourcecode.c.h; path = OperationAdd.h; sourceTree = "<group>"; };
		245CB4201BF8A28C0006D277 /* OperationAdd.m */ = {isa = PBXFileReference; fileEncoding = 4; lastKnownFileType = sourcecode.c.objc; path = OperationAdd.m; sourceTree = "<group>"; };
		245CB4211BF8A28C0006D277 /* OperationDiv.h */ = {isa = PBXFileReference; fileEncoding = 4; lastKnownFileType = sourcecode.c.h; path = OperationDiv.h; sourceTree = "<group>"; };
		245CB4221BF8A28C0006D277 /* OperationDiv.m */ = {isa = PBXFileReference; fileEncoding = 4; lastKnownFileType = sourcecode.c.objc; path = OperationDiv.m; sourceTree = "<group>"; };
		245CB4231BF8A28C0006D277 /* OperationFactory.h */ = {isa = PBXFileReference; fileEncoding = 4; lastKnownFileType = sourcecode.c.h; path = OperationFactory.h; sourceTree = "<group>"; };
		245CB4241BF8A28C0006D277 /* OperationFactory.m */ = {isa = PBXFileReference; fileEncoding = 4; lastKnownFileType = sourcecode.c.objc; path = OperationFactory.m; sourceTree = "<group>"; };
		245CB4251BF8A28C0006D277 /* OperationMul.h */ = {isa = PBXFileReference; fileEncoding = 4; lastKnownFileType = sourcecode.c.h; path = OperationMul.h; sourceTree = "<group>"; };
		245CB4261BF8A28C0006D277 /* OperationMul.m */ = {isa = PBXFileReference; fileEncoding = 4; lastKnownFileType = sourcecode.c.objc; path = OperationMul.m; sourceTree = "<group>"; };
		245CB4271BF8A28C0006D277 /* OperationSub.h */ = {isa = PBXFileReference; fileEncoding = 4; lastKnownFileType = sourcecode.c.h; path = OperationSub.h; sourceTree = "<group>"; };
		245CB4281BF8A28C0006D277 /* OperationSub.m */ = {isa = PBXFileReference; fileEncoding = 4; lastKnownFileType = sourcecode.c.objc; path = OperationSub.m; sourceTree = "<group>"; };
		245CB42A1BF8A28C0006D277 /* Singleton.h */ = {isa = PBXFileReference; fileEncoding = 4; lastKnownFileType = sourcecode.c.h; path = Singleton.h; sourceTree = "<group>"; };
		245CB42B1BF8A28C0006D277 /* Singleton.m */ = {isa = PBXFileReference; fileEncoding = 4; lastKnownFileType = sourcecode.c.objc; path = Singleton.m; sourceTree = "<group>"; };
		245CB42D1BF8A28C0006D277 /* AfternoonState.h */ = {isa = PBXFileReference; fileEncoding = 4; lastKnownFileType = sourcecode.c.h; path = AfternoonState.h; sourceTree = "<group>"; };
		245CB42E1BF8A28C0006D277 /* AfternoonState.m */ = {isa = PBXFileReference; fileEncoding = 4; lastKnownFileType = sourcecode.c.objc; path = AfternoonState.m; sourceTree = "<group>"; };
		245CB42F1BF8A28C0006D277 /* EveningState.h */ = {isa = PBXFileReference; fileEncoding = 4; lastKnownFileType = sourcecode.c.h; path = EveningState.h; sourceTree = "<group>"; };
		245CB4301BF8A28C0006D277 /* EveningState.m */ = {isa = PBXFileReference; fileEncoding = 4; lastKnownFileType = sourcecode.c.objc; path = EveningState.m; sourceTree = "<group>"; };
		245CB4311BF8A28C0006D277 /* ForenoonState.h */ = {isa = PBXFileReference; fileEncoding = 4; lastKnownFileType = sourcecode.c.h; path = ForenoonState.h; sourceTree = "<group>"; };
		245CB4321BF8A28C0006D277 /* ForenoonState.m */ = {isa = PBXFileReference; fileEncoding = 4; lastKnownFileType = sourcecode.c.objc; path = ForenoonState.m; sourceTree = "<group>"; };
		245CB4331BF8A28C0006D277 /* NoonState.h */ = {isa = PBXFileReference; fileEncoding = 4; lastKnownFileType = sourcecode.c.h; path = NoonState.h; sourceTree = "<group>"; };
		245CB4341BF8A28C0006D277 /* NoonState.m */ = {isa = PBXFileReference; fileEncoding = 4; lastKnownFileType = sourcecode.c.objc; path = NoonState.m; sourceTree = "<group>"; };
		245CB4351BF8A28C0006D277 /* RestState.h */ = {isa = PBXFileReference; fileEncoding = 4; lastKnownFileType = sourcecode.c.h; path = RestState.h; sourceTree = "<group>"; };
		245CB4361BF8A28C0006D277 /* RestState.m */ = {isa = PBXFileReference; fileEncoding = 4; lastKnownFileType = sourcecode.c.objc; path = RestState.m; sourceTree = "<group>"; };
		245CB4371BF8A28C0006D277 /* SleepingState.h */ = {isa = PBXFileReference; fileEncoding = 4; lastKnownFileType = sourcecode.c.h; path = SleepingState.h; sourceTree = "<group>"; };
		245CB4381BF8A28C0006D277 /* SleepingState.m */ = {isa = PBXFileReference; fileEncoding = 4; lastKnownFileType = sourcecode.c.objc; path = SleepingState.m; sourceTree = "<group>"; };
		245CB4391BF8A28C0006D277 /* State.h */ = {isa = PBXFileReference; fileEncoding = 4; lastKnownFileType = sourcecode.c.h; path = State.h; sourceTree = "<group>"; };
		245CB43A1BF8A28C0006D277 /* Work.h */ = {isa = PBXFileReference; fileEncoding = 4; lastKnownFileType = sourcecode.c.h; path = Work.h; sourceTree = "<group>"; };
		245CB43B1BF8A28C0006D277 /* Work.m */ = {isa = PBXFileReference; fileEncoding = 4; lastKnownFileType = sourcecode.c.objc; path = Work.m; sourceTree = "<group>"; };
		245CB43D1BF8A28C0006D277 /* CashContext.h */ = {isa = PBXFileReference; fileEncoding = 4; lastKnownFileType = sourcecode.c.h; path = CashContext.h; sourceTree = "<group>"; };
		245CB43E1BF8A28C0006D277 /* CashContext.m */ = {isa = PBXFileReference; fileEncoding = 4; lastKnownFileType = sourcecode.c.objc; path = CashContext.m; sourceTree = "<group>"; };
		245CB43F1BF8A28C0006D277 /* CashNormal.h */ = {isa = PBXFileReference; fileEncoding = 4; lastKnownFileType = sourcecode.c.h; path = CashNormal.h; sourceTree = "<group>"; };
		245CB4401BF8A28C0006D277 /* CashNormal.m */ = {isa = PBXFileReference; fileEncoding = 4; lastKnownFileType = sourcecode.c.objc; path = CashNormal.m; sourceTree = "<group>"; };
		245CB4411BF8A28C0006D277 /* CashRebate.h */ = {isa = PBXFileReference; fileEncoding = 4; lastKnownFileType = sourcecode.c.h; path = CashRebate.h; sourceTree = "<group>"; };
		245CB4421BF8A28C0006D277 /* CashRebate.m */ = {isa = PBXFileReference; fileEncoding = 4; lastKnownFileType = sourcecode.c.objc; path = CashRebate.m; sourceTree = "<group>"; };
		245CB4431BF8A28C0006D277 /* CashReturn.h */ = {isa = PBXFileReference; fileEncoding = 4; lastKnownFileType = sourcecode.c.h; path = CashReturn.h; sourceTree = "<group>"; };
		245CB4441BF8A28C0006D277 /* CashReturn.m */ = {isa = PBXFileReference; fileEncoding = 4; lastKnownFileType = sourcecode.c.objc; path = CashReturn.m; sourceTree = "<group>"; };
		245CB4451BF8A28C0006D277 /* CashSuper.h */ = {isa = PBXFileReference; fileEncoding = 4; lastKnownFileType = sourcecode.c.h; path = CashSuper.h; sourceTree = "<group>"; };
		245CB4471BF8A28C0006D277 /* TestPaper.h */ = {isa = PBXFileReference; fileEncoding = 4; lastKnownFileType = sourcecode.c.h; path = TestPaper.h; sourceTree = "<group>"; };
		245CB4481BF8A28C0006D277 /* TestPaper.m */ = {isa = PBXFileReference; fileEncoding = 4; lastKnownFileType = sourcecode.c.objc; path = TestPaper.m; sourceTree = "<group>"; };
		245CB4491BF8A28C0006D277 /* TestPaperA.h */ = {isa = PBXFileReference; fileEncoding = 4; lastKnownFileType = sourcecode.c.h; path = TestPaperA.h; sourceTree = "<group>"; };
		245CB44A1BF8A28C0006D277 /* TestPaperA.m */ = {isa = PBXFileReference; fileEncoding = 4; lastKnownFileType = sourcecode.c.objc; path = TestPaperA.m; sourceTree = "<group>"; };
		245CB44B1BF8A28C0006D277 /* TestPaperB.h */ = {isa = PBXFileReference; fileEncoding = 4; lastKnownFileType = sourcecode.c.h; path = TestPaperB.h; sourceTree = "<group>"; };
		245CB44C1BF8A28C0006D277 /* TestPaperB.m */ = {isa = PBXFileReference; fileEncoding = 4; lastKnownFileType = sourcecode.c.objc; path = TestPaperB.m; sourceTree = "<group>"; };
		2467F50819F37ED800437073 /* DesignPatterns.app */ = {isa = PBXFileReference; explicitFileType = wrapper.application; includeInIndex = 0; path = DesignPatterns.app; sourceTree = BUILT_PRODUCTS_DIR; };
		2467F50B19F37ED800437073 /* Foundation.framework */ = {isa = PBXFileReference; lastKnownFileType = wrapper.framework; name = Foundation.framework; path = System/Library/Frameworks/Foundation.framework; sourceTree = SDKROOT; };
		2467F50D19F37ED800437073 /* CoreGraphics.framework */ = {isa = PBXFileReference; lastKnownFileType = wrapper.framework; name = CoreGraphics.framework; path = System/Library/Frameworks/CoreGraphics.framework; sourceTree = SDKROOT; };
		2467F50F19F37ED800437073 /* UIKit.framework */ = {isa = PBXFileReference; lastKnownFileType = wrapper.framework; name = UIKit.framework; path = System/Library/Frameworks/UIKit.framework; sourceTree = SDKROOT; };
		2467F51319F37ED800437073 /* DesignPatterns-Info.plist */ = {isa = PBXFileReference; lastKnownFileType = text.plist.xml; path = "DesignPatterns-Info.plist"; sourceTree = "<group>"; };
		2467F51519F37ED800437073 /* en */ = {isa = PBXFileReference; lastKnownFileType = text.plist.strings; name = en; path = en.lproj/InfoPlist.strings; sourceTree = "<group>"; };
		2467F51719F37ED800437073 /* main.m */ = {isa = PBXFileReference; lastKnownFileType = sourcecode.c.objc; path = main.m; sourceTree = "<group>"; };
		2467F51919F37ED800437073 /* DesignPatterns-Prefix.pch */ = {isa = PBXFileReference; lastKnownFileType = sourcecode.c.h; path = "DesignPatterns-Prefix.pch"; sourceTree = "<group>"; };
		2467F51A19F37ED800437073 /* AppDelegate.h */ = {isa = PBXFileReference; lastKnownFileType = sourcecode.c.h; path = AppDelegate.h; sourceTree = "<group>"; };
		2467F51B19F37ED800437073 /* AppDelegate.m */ = {isa = PBXFileReference; lastKnownFileType = sourcecode.c.objc; path = AppDelegate.m; sourceTree = "<group>"; };
		2467F51D19F37ED800437073 /* Images.xcassets */ = {isa = PBXFileReference; lastKnownFileType = folder.assetcatalog; path = Images.xcassets; sourceTree = "<group>"; };
		2467F52319F37ED900437073 /* DesignPatternsTests.xctest */ = {isa = PBXFileReference; explicitFileType = wrapper.cfbundle; includeInIndex = 0; path = DesignPatternsTests.xctest; sourceTree = BUILT_PRODUCTS_DIR; };
		2467F52419F37ED900437073 /* XCTest.framework */ = {isa = PBXFileReference; lastKnownFileType = wrapper.framework; name = XCTest.framework; path = Library/Frameworks/XCTest.framework; sourceTree = DEVELOPER_DIR; };
		2467F52C19F37ED900437073 /* DesignPatternsTests-Info.plist */ = {isa = PBXFileReference; lastKnownFileType = text.plist.xml; path = "DesignPatternsTests-Info.plist"; sourceTree = "<group>"; };
		2467F52E19F37ED900437073 /* en */ = {isa = PBXFileReference; lastKnownFileType = text.plist.strings; name = en; path = en.lproj/InfoPlist.strings; sourceTree = "<group>"; };
		2467F54C19F3819200437073 /* SimpleFactoryTests.m */ = {isa = PBXFileReference; fileEncoding = 4; lastKnownFileType = sourcecode.c.objc; path = SimpleFactoryTests.m; sourceTree = "<group>"; };
		2467F55E19F3A1F400437073 /* FactoryMethodTests.m */ = {isa = PBXFileReference; fileEncoding = 4; lastKnownFileType = sourcecode.c.objc; path = FactoryMethodTests.m; sourceTree = "<group>"; };
		2491E15E19F7F0AE009AC42F /* StrategyTests.m */ = {isa = PBXFileReference; fileEncoding = 4; lastKnownFileType = sourcecode.c.objc; path = StrategyTests.m; sourceTree = "<group>"; };
		24926FD41A43272A006E188B /* FacadeTests.m */ = {isa = PBXFileReference; fileEncoding = 4; lastKnownFileType = sourcecode.c.objc; path = FacadeTests.m; sourceTree = "<group>"; };
		24B2B04F1A060A28001D74E0 /* TemplateMethodTests.m */ = {isa = PBXFileReference; fileEncoding = 4; lastKnownFileType = sourcecode.c.objc; path = TemplateMethodTests.m; sourceTree = "<group>"; };
		24B2B06C1A066B81001D74E0 /* BridgeTests.m */ = {isa = PBXFileReference; fileEncoding = 4; lastKnownFileType = sourcecode.c.objc; path = BridgeTests.m; sourceTree = "<group>"; };
		24B2B0831A067DB1001D74E0 /* BuilderTests.m */ = {isa = PBXFileReference; fileEncoding = 4; lastKnownFileType = sourcecode.c.objc; path = BuilderTests.m; sourceTree = "<group>"; };
		24BD69891A4477170007D525 /* PrototypeTests.m */ = {isa = PBXFileReference; fileEncoding = 4; lastKnownFileType = sourcecode.c.objc; path = PrototypeTests.m; sourceTree = "<group>"; };
		24D9588319FE99B800C3F23E /* StateTests.m */ = {isa = PBXFileReference; fileEncoding = 4; lastKnownFileType = sourcecode.c.objc; path = StateTests.m; sourceTree = "<group>"; };
/* End PBXFileReference section */

/* Begin PBXFrameworksBuildPhase section */
		2467F50519F37ED800437073 /* Frameworks */ = {
			isa = PBXFrameworksBuildPhase;
			buildActionMask = 2147483647;
			files = (
				2467F50E19F37ED800437073 /* CoreGraphics.framework in Frameworks */,
				2467F51019F37ED800437073 /* UIKit.framework in Frameworks */,
				2467F50C19F37ED800437073 /* Foundation.framework in Frameworks */,
			);
			runOnlyForDeploymentPostprocessing = 0;
		};
		2467F52019F37ED900437073 /* Frameworks */ = {
			isa = PBXFrameworksBuildPhase;
			buildActionMask = 2147483647;
			files = (
				2467F52519F37ED900437073 /* XCTest.framework in Frameworks */,
				2467F52719F37ED900437073 /* UIKit.framework in Frameworks */,
				2467F52619F37ED900437073 /* Foundation.framework in Frameworks */,
			);
			runOnlyForDeploymentPostprocessing = 0;
		};
/* End PBXFrameworksBuildPhase section */

/* Begin PBXGroup section */
		2406AAEF1A433A7D00B2A359 /* Proxy */ = {
			isa = PBXGroup;
			children = (
				2406AAF01A433A8900B2A359 /* ProxyTests.m */,
			);
			path = Proxy;
			sourceTree = "<group>";
		};
		2407155519F3EB9100E9F749 /* AbstractFactory */ = {
			isa = PBXGroup;
			children = (
				2407155619F3EBB500E9F749 /* AbstractFactoryTests.m */,
			);
			path = AbstractFactory;
			sourceTree = "<group>";
		};
		2437B0451A089ABA007CE0EF /* Singleton */ = {
			isa = PBXGroup;
			children = (
				2437B04A1A089B0C007CE0EF /* SingletonTests.m */,
			);
			path = Singleton;
			sourceTree = "<group>";
		};
		245CB3CA1BF8A28C0006D277 /* AbstractFactory */ = {
			isa = PBXGroup;
			children = (
				245CB3D11BF8A28C0006D277 /* Entity */,
				245CB3D81BF8A28C0006D277 /* IUser.h */,
				245CB3DD1BF8A28C0006D277 /* SQLServerUser.h */,
				245CB3DE1BF8A28C0006D277 /* SQLServerUser.m */,
				245CB3CF1BF8A28C0006D277 /* AccessUser.h */,
				245CB3D01BF8A28C0006D277 /* AccessUser.m */,
				245CB3D61BF8A28C0006D277 /* IDepartment.h */,
				245CB3D91BF8A28C0006D277 /* SQLServerDepartment.h */,
				245CB3DA1BF8A28C0006D277 /* SQLServerDepartment.m */,
				245CB3CB1BF8A28C0006D277 /* AccessDepartment.h */,
				245CB3CC1BF8A28C0006D277 /* AccessDepartment.m */,
				245CB3D71BF8A28C0006D277 /* IFactory.h */,
				245CB3DB1BF8A28C0006D277 /* SQLServerFactory.h */,
				245CB3DC1BF8A28C0006D277 /* SQLServerFactory.m */,
				245CB3CD1BF8A28C0006D277 /* AccessFactory.h */,
				245CB3CE1BF8A28C0006D277 /* AccessFactory.m */,
			);
			path = AbstractFactory;
			sourceTree = "<group>";
		};
		245CB3D11BF8A28C0006D277 /* Entity */ = {
			isa = PBXGroup;
			children = (
				245CB3D41BF8A28C0006D277 /* User.h */,
				245CB3D51BF8A28C0006D277 /* User.m */,
				245CB3D21BF8A28C0006D277 /* Department.h */,
				245CB3D31BF8A28C0006D277 /* Department.m */,
			);
			path = Entity;
			sourceTree = "<group>";
		};
		245CB3DF1BF8A28C0006D277 /* Bridge */ = {
			isa = PBXGroup;
			children = (
				245CB3E01BF8A28C0006D277 /* HandsetAddressList.h */,
				245CB3E11BF8A28C0006D277 /* HandsetAddressList.m */,
				245CB3E21BF8A28C0006D277 /* HandsetBrand.h */,
				245CB3E31BF8A28C0006D277 /* HandsetBrand.m */,
				245CB3E41BF8A28C0006D277 /* HandsetBrandM.h */,
				245CB3E51BF8A28C0006D277 /* HandsetBrandM.m */,
				245CB3E61BF8A28C0006D277 /* HandsetBrandN.h */,
				245CB3E71BF8A28C0006D277 /* HandsetBrandN.m */,
				245CB3E81BF8A28C0006D277 /* HandsetGame.h */,
				245CB3E91BF8A28C0006D277 /* HandsetGame.m */,
				245CB3EA1BF8A28C0006D277 /* HandsetSoft.h */,
			);
			path = Bridge;
			sourceTree = "<group>";
		};
		245CB3EB1BF8A28C0006D277 /* Builder */ = {
			isa = PBXGroup;
			children = (
				245CB3EC1BF8A28C0006D277 /* PersonBuilder.h */,
				245CB3ED1BF8A28C0006D277 /* PersonDirector.h */,
				245CB3EE1BF8A28C0006D277 /* PersonDirector.m */,
				245CB3EF1BF8A28C0006D277 /* PersonFatBuilder.h */,
				245CB3F01BF8A28C0006D277 /* PersonFatBuilder.m */,
				245CB3F11BF8A28C0006D277 /* PersonThinBuilder.h */,
				245CB3F21BF8A28C0006D277 /* PersonThinBuilder.m */,
			);
			path = Builder;
			sourceTree = "<group>";
		};
		245CB3F31BF8A28C0006D277 /* Facade */ = {
			isa = PBXGroup;
			children = (
				245CB3F41BF8A28C0006D277 /* Fund.h */,
				245CB3F51BF8A28C0006D277 /* Fund.m */,
				245CB3F61BF8A28C0006D277 /* NationalDebt1.h */,
				245CB3F71BF8A28C0006D277 /* NationalDebt1.m */,
				245CB3F81BF8A28C0006D277 /* Realty1.h */,
				245CB3F91BF8A28C0006D277 /* Realty1.m */,
				245CB3FA1BF8A28C0006D277 /* Stock1.h */,
				245CB3FB1BF8A28C0006D277 /* Stock1.m */,
				245CB3FC1BF8A28C0006D277 /* Stock2.h */,
				245CB3FD1BF8A28C0006D277 /* Stock2.m */,
				245CB3FE1BF8A28C0006D277 /* Stock3.h */,
				245CB3FF1BF8A28C0006D277 /* Stock3.m */,
			);
			path = Facade;
			sourceTree = "<group>";
		};
		245CB4001BF8A28C0006D277 /* FactoryMethod */ = {
			isa = PBXGroup;
			children = (
				245CB4011BF8A28C0006D277 /* ILeiFeng.h */,
				245CB4031BF8A28C0006D277 /* Undergraduate.h */,
				245CB4041BF8A28C0006D277 /* Undergraduate.m */,
				245CB4071BF8A28C0006D277 /* Volunteer.h */,
				245CB4081BF8A28C0006D277 /* Volunteer.m */,
				245CB4021BF8A28C0006D277 /* ILeiFengFactory.h */,
				245CB4051BF8A28C0006D277 /* UndergraduateFactory.h */,
				245CB4061BF8A28C0006D277 /* UndergraduateFactory.m */,
				245CB4091BF8A28C0006D277 /* VolunteerFactory.h */,
				245CB40A1BF8A28C0006D277 /* VolunteerFactory.m */,
			);
			path = FactoryMethod;
			sourceTree = "<group>";
		};
		245CB40B1BF8A28C0006D277 /* Prototype */ = {
			isa = PBXGroup;
			children = (
				245CB40C1BF8A28C0006D277 /* Resume.h */,
				245CB40D1BF8A28C0006D277 /* Resume.m */,
				245CB40E1BF8A28C0006D277 /* ResumeDeepCopy.h */,
				245CB40F1BF8A28C0006D277 /* ResumeDeepCopy.m */,
				245CB4101BF8A28C0006D277 /* ResumeShallowCopy.h */,
				245CB4111BF8A28C0006D277 /* ResumeShallowCopy.m */,
				245CB4121BF8A28C0006D277 /* WorkExperience.h */,
				245CB4131BF8A28C0006D277 /* WorkExperience.m */,
			);
			path = Prototype;
			sourceTree = "<group>";
		};
		245CB4141BF8A28C0006D277 /* Proxy */ = {
			isa = PBXGroup;
			children = (
				245CB4151BF8A28C0006D277 /* GiveGift.h */,
				245CB4161BF8A28C0006D277 /* Proxy.h */,
				245CB4171BF8A28C0006D277 /* Proxy.m */,
				245CB4181BF8A28C0006D277 /* Pursuit.h */,
				245CB4191BF8A28C0006D277 /* Pursuit.m */,
				245CB41A1BF8A28C0006D277 /* SchoolGirl.h */,
				245CB41B1BF8A28C0006D277 /* SchoolGirl.m */,
			);
			path = Proxy;
			sourceTree = "<group>";
		};
		245CB41C1BF8A28C0006D277 /* SimpleFactory */ = {
			isa = PBXGroup;
			children = (
				245CB41D1BF8A28C0006D277 /* Operation.h */,
				245CB41E1BF8A28C0006D277 /* Operation.m */,
				245CB41F1BF8A28C0006D277 /* OperationAdd.h */,
				245CB4201BF8A28C0006D277 /* OperationAdd.m */,
				245CB4271BF8A28C0006D277 /* OperationSub.h */,
				245CB4281BF8A28C0006D277 /* OperationSub.m */,
				245CB4251BF8A28C0006D277 /* OperationMul.h */,
				245CB4261BF8A28C0006D277 /* OperationMul.m */,
				245CB4211BF8A28C0006D277 /* OperationDiv.h */,
				245CB4221BF8A28C0006D277 /* OperationDiv.m */,
				245CB4231BF8A28C0006D277 /* OperationFactory.h */,
				245CB4241BF8A28C0006D277 /* OperationFactory.m */,
			);
			path = SimpleFactory;
			sourceTree = "<group>";
		};
		245CB4291BF8A28C0006D277 /* Singleton */ = {
			isa = PBXGroup;
			children = (
				245CB42A1BF8A28C0006D277 /* Singleton.h */,
				245CB42B1BF8A28C0006D277 /* Singleton.m */,
			);
			path = Singleton;
			sourceTree = "<group>";
		};
		245CB42C1BF8A28C0006D277 /* State */ = {
			isa = PBXGroup;
			children = (
				245CB42D1BF8A28C0006D277 /* AfternoonState.h */,
				245CB42E1BF8A28C0006D277 /* AfternoonState.m */,
				245CB42F1BF8A28C0006D277 /* EveningState.h */,
				245CB4301BF8A28C0006D277 /* EveningState.m */,
				245CB4311BF8A28C0006D277 /* ForenoonState.h */,
				245CB4321BF8A28C0006D277 /* ForenoonState.m */,
				245CB4331BF8A28C0006D277 /* NoonState.h */,
				245CB4341BF8A28C0006D277 /* NoonState.m */,
				245CB4351BF8A28C0006D277 /* RestState.h */,
				245CB4361BF8A28C0006D277 /* RestState.m */,
				245CB4371BF8A28C0006D277 /* SleepingState.h */,
				245CB4381BF8A28C0006D277 /* SleepingState.m */,
				245CB4391BF8A28C0006D277 /* State.h */,
				245CB43A1BF8A28C0006D277 /* Work.h */,
				245CB43B1BF8A28C0006D277 /* Work.m */,
			);
			path = State;
			sourceTree = "<group>";
		};
		245CB43C1BF8A28C0006D277 /* Strategy */ = {
			isa = PBXGroup;
			children = (
				245CB43D1BF8A28C0006D277 /* CashContext.h */,
				245CB43E1BF8A28C0006D277 /* CashContext.m */,
				245CB43F1BF8A28C0006D277 /* CashNormal.h */,
				245CB4401BF8A28C0006D277 /* CashNormal.m */,
				245CB4411BF8A28C0006D277 /* CashRebate.h */,
				245CB4421BF8A28C0006D277 /* CashRebate.m */,
				245CB4431BF8A28C0006D277 /* CashReturn.h */,
				245CB4441BF8A28C0006D277 /* CashReturn.m */,
				245CB4451BF8A28C0006D277 /* CashSuper.h */,
			);
			path = Strategy;
			sourceTree = "<group>";
		};
		245CB4461BF8A28C0006D277 /* TemplateMethod */ = {
			isa = PBXGroup;
			children = (
				245CB4471BF8A28C0006D277 /* TestPaper.h */,
				245CB4481BF8A28C0006D277 /* TestPaper.m */,
				245CB4491BF8A28C0006D277 /* TestPaperA.h */,
				245CB44A1BF8A28C0006D277 /* TestPaperA.m */,
				245CB44B1BF8A28C0006D277 /* TestPaperB.h */,
				245CB44C1BF8A28C0006D277 /* TestPaperB.m */,
			);
			path = TemplateMethod;
			sourceTree = "<group>";
		};
		2467F4FF19F37ED800437073 = {
			isa = PBXGroup;
			children = (
				2467F51119F37ED800437073 /* DesignPatterns */,
				2467F52A19F37ED900437073 /* DesignPatternsTests */,
				2467F50A19F37ED800437073 /* Frameworks */,
				2467F50919F37ED800437073 /* Products */,
			);
			sourceTree = "<group>";
		};
		2467F50919F37ED800437073 /* Products */ = {
			isa = PBXGroup;
			children = (
				2467F50819F37ED800437073 /* DesignPatterns.app */,
				2467F52319F37ED900437073 /* DesignPatternsTests.xctest */,
			);
			name = Products;
			sourceTree = "<group>";
		};
		2467F50A19F37ED800437073 /* Frameworks */ = {
			isa = PBXGroup;
			children = (
				2467F50B19F37ED800437073 /* Foundation.framework */,
				2467F50D19F37ED800437073 /* CoreGraphics.framework */,
				2467F50F19F37ED800437073 /* UIKit.framework */,
				2467F52419F37ED900437073 /* XCTest.framework */,
			);
			name = Frameworks;
			sourceTree = "<group>";
		};
		2467F51119F37ED800437073 /* DesignPatterns */ = {
			isa = PBXGroup;
			children = (
				245CB3CA1BF8A28C0006D277 /* AbstractFactory */,
				245CB3DF1BF8A28C0006D277 /* Bridge */,
				245CB3EB1BF8A28C0006D277 /* Builder */,
				245CB3F31BF8A28C0006D277 /* Facade */,
				245CB4001BF8A28C0006D277 /* FactoryMethod */,
				245CB40B1BF8A28C0006D277 /* Prototype */,
				245CB4141BF8A28C0006D277 /* Proxy */,
				245CB41C1BF8A28C0006D277 /* SimpleFactory */,
				245CB4291BF8A28C0006D277 /* Singleton */,
				245CB42C1BF8A28C0006D277 /* State */,
				245CB43C1BF8A28C0006D277 /* Strategy */,
				245CB4461BF8A28C0006D277 /* TemplateMethod */,
				2467F51A19F37ED800437073 /* AppDelegate.h */,
				2467F51B19F37ED800437073 /* AppDelegate.m */,
				2467F51D19F37ED800437073 /* Images.xcassets */,
				2467F51219F37ED800437073 /* Supporting Files */,
			);
			path = DesignPatterns;
			sourceTree = "<group>";
		};
		2467F51219F37ED800437073 /* Supporting Files */ = {
			isa = PBXGroup;
			children = (
				2467F51319F37ED800437073 /* DesignPatterns-Info.plist */,
				2467F51419F37ED800437073 /* InfoPlist.strings */,
				2467F51719F37ED800437073 /* main.m */,
				2467F51919F37ED800437073 /* DesignPatterns-Prefix.pch */,
			);
			name = "Supporting Files";
			sourceTree = "<group>";
		};
		2467F52A19F37ED900437073 /* DesignPatternsTests */ = {
			isa = PBXGroup;
			children = (
				24BD69861A44762C0007D525 /* Prototype */,
				2406AAEF1A433A7D00B2A359 /* Proxy */,
				24926FD31A432717006E188B /* Facade */,
				2437B0451A089ABA007CE0EF /* Singleton */,
				24B2B0821A067DA0001D74E0 /* Builder */,
				24B2B0651A066AF1001D74E0 /* Bridge */,
				24B2B04E1A060A0C001D74E0 /* TemplateMethod */,
				24D9588219FE99A900C3F23E /* State */,
				2491E15D19F7F074009AC42F /* Strategy */,
				2407155519F3EB9100E9F749 /* AbstractFactory */,
				2467F55D19F3A1E200437073 /* FactoryMethod */,
				2467F54B19F3813100437073 /* SimpleFactory */,
				2467F52B19F37ED900437073 /* Supporting Files */,
			);
			path = DesignPatternsTests;
			sourceTree = "<group>";
		};
		2467F52B19F37ED900437073 /* Supporting Files */ = {
			isa = PBXGroup;
			children = (
				2467F52C19F37ED900437073 /* DesignPatternsTests-Info.plist */,
				2467F52D19F37ED900437073 /* InfoPlist.strings */,
			);
			name = "Supporting Files";
			sourceTree = "<group>";
		};
		2467F54B19F3813100437073 /* SimpleFactory */ = {
			isa = PBXGroup;
			children = (
				2467F54C19F3819200437073 /* SimpleFactoryTests.m */,
			);
			path = SimpleFactory;
			sourceTree = "<group>";
		};
		2467F55D19F3A1E200437073 /* FactoryMethod */ = {
			isa = PBXGroup;
			children = (
				2467F55E19F3A1F400437073 /* FactoryMethodTests.m */,
			);
			path = FactoryMethod;
			sourceTree = "<group>";
		};
		2491E15D19F7F074009AC42F /* Strategy */ = {
			isa = PBXGroup;
			children = (
				2491E15E19F7F0AE009AC42F /* StrategyTests.m */,
			);
			path = Strategy;
			sourceTree = "<group>";
		};
		24926FD31A432717006E188B /* Facade */ = {
			isa = PBXGroup;
			children = (
				24926FD41A43272A006E188B /* FacadeTests.m */,
			);
			path = Facade;
			sourceTree = "<group>";
		};
		24B2B04E1A060A0C001D74E0 /* TemplateMethod */ = {
			isa = PBXGroup;
			children = (
				24B2B04F1A060A28001D74E0 /* TemplateMethodTests.m */,
			);
			path = TemplateMethod;
			sourceTree = "<group>";
		};
		24B2B0651A066AF1001D74E0 /* Bridge */ = {
			isa = PBXGroup;
			children = (
				24B2B06C1A066B81001D74E0 /* BridgeTests.m */,
			);
			path = Bridge;
			sourceTree = "<group>";
		};
		24B2B0821A067DA0001D74E0 /* Builder */ = {
			isa = PBXGroup;
			children = (
				24B2B0831A067DB1001D74E0 /* BuilderTests.m */,
			);
			path = Builder;
			sourceTree = "<group>";
		};
		24BD69861A44762C0007D525 /* Prototype */ = {
			isa = PBXGroup;
			children = (
				24BD69891A4477170007D525 /* PrototypeTests.m */,
			);
			path = Prototype;
			sourceTree = "<group>";
		};
		24D9588219FE99A900C3F23E /* State */ = {
			isa = PBXGroup;
			children = (
				24D9588319FE99B800C3F23E /* StateTests.m */,
			);
			path = State;
			sourceTree = "<group>";
		};
/* End PBXGroup section */

/* Begin PBXNativeTarget section */
		2467F50719F37ED800437073 /* DesignPatterns */ = {
			isa = PBXNativeTarget;
			buildConfigurationList = 2467F53419F37ED900437073 /* Build configuration list for PBXNativeTarget "DesignPatterns" */;
			buildPhases = (
				2467F50419F37ED800437073 /* Sources */,
				2467F50519F37ED800437073 /* Frameworks */,
				2467F50619F37ED800437073 /* Resources */,
			);
			buildRules = (
			);
			dependencies = (
			);
			name = DesignPatterns;
			productName = DesignPatterns;
			productReference = 2467F50819F37ED800437073 /* DesignPatterns.app */;
			productType = "com.apple.product-type.application";
		};
		2467F52219F37ED900437073 /* DesignPatternsTests */ = {
			isa = PBXNativeTarget;
			buildConfigurationList = 2467F53719F37ED900437073 /* Build configuration list for PBXNativeTarget "DesignPatternsTests" */;
			buildPhases = (
				2467F51F19F37ED900437073 /* Sources */,
				2467F52019F37ED900437073 /* Frameworks */,
				2467F52119F37ED900437073 /* Resources */,
			);
			buildRules = (
			);
			dependencies = (
				2467F52919F37ED900437073 /* PBXTargetDependency */,
			);
			name = DesignPatternsTests;
			productName = DesignPatternsTests;
			productReference = 2467F52319F37ED900437073 /* DesignPatternsTests.xctest */;
			productType = "com.apple.product-type.bundle.unit-test";
		};
/* End PBXNativeTarget section */

/* Begin PBXProject section */
		2467F50019F37ED800437073 /* Project object */ = {
			isa = PBXProject;
			attributes = {
				CLASSPREFIX = "";
				LastUpgradeCheck = 0710;
				ORGANIZATIONNAME = leichunfeng;
				TargetAttributes = {
					2467F52219F37ED900437073 = {
						TestTargetID = 2467F50719F37ED800437073;
					};
				};
			};
			buildConfigurationList = 2467F50319F37ED800437073 /* Build configuration list for PBXProject "DesignPatterns" */;
			compatibilityVersion = "Xcode 3.2";
			developmentRegion = English;
			hasScannedForEncodings = 0;
			knownRegions = (
				en,
			);
			mainGroup = 2467F4FF19F37ED800437073;
			productRefGroup = 2467F50919F37ED800437073 /* Products */;
			projectDirPath = "";
			projectRoot = "";
			targets = (
				2467F50719F37ED800437073 /* DesignPatterns */,
				2467F52219F37ED900437073 /* DesignPatternsTests */,
			);
		};
/* End PBXProject section */

/* Begin PBXResourcesBuildPhase section */
		2467F50619F37ED800437073 /* Resources */ = {
			isa = PBXResourcesBuildPhase;
			buildActionMask = 2147483647;
			files = (
				2467F51619F37ED800437073 /* InfoPlist.strings in Resources */,
				2467F51E19F37ED800437073 /* Images.xcassets in Resources */,
			);
			runOnlyForDeploymentPostprocessing = 0;
		};
		2467F52119F37ED900437073 /* Resources */ = {
			isa = PBXResourcesBuildPhase;
			buildActionMask = 2147483647;
			files = (
				2467F52F19F37ED900437073 /* InfoPlist.strings in Resources */,
			);
			runOnlyForDeploymentPostprocessing = 0;
		};
/* End PBXResourcesBuildPhase section */

/* Begin PBXSourcesBuildPhase section */
		2467F50419F37ED800437073 /* Sources */ = {
			isa = PBXSourcesBuildPhase;
			buildActionMask = 2147483647;
			files = (
				245CB4551BF8A28C0006D277 /* HandsetAddressList.m in Sources */,
				245CB4681BF8A28C0006D277 /* ResumeDeepCopy.m in Sources */,
				245CB4801BF8A28C0006D277 /* TestPaper.m in Sources */,
				245CB47A1BF8A28C0006D277 /* SleepingState.m in Sources */,
				245CB44E1BF8A28C0006D277 /* AccessFactory.m in Sources */,
				245CB46E1BF8A28C0006D277 /* Operation.m in Sources */,
				245CB47E1BF8A28C0006D277 /* CashRebate.m in Sources */,
				245CB4641BF8A28C0006D277 /* UndergraduateFactory.m in Sources */,
				245CB4611BF8A28C0006D277 /* Stock2.m in Sources */,
				245CB4791BF8A28C0006D277 /* RestState.m in Sources */,
				245CB4631BF8A28C0006D277 /* Undergraduate.m in Sources */,
				245CB46B1BF8A28C0006D277 /* Proxy.m in Sources */,
				245CB47C1BF8A28C0006D277 /* CashContext.m in Sources */,
				245CB4661BF8A28C0006D277 /* VolunteerFactory.m in Sources */,
				245CB47D1BF8A28C0006D277 /* CashNormal.m in Sources */,
				245CB4691BF8A28C0006D277 /* ResumeShallowCopy.m in Sources */,
				245CB4581BF8A28C0006D277 /* HandsetBrandN.m in Sources */,
				245CB4821BF8A28C0006D277 /* TestPaperB.m in Sources */,
				245CB45C1BF8A28C0006D277 /* PersonThinBuilder.m in Sources */,
				245CB4811BF8A28C0006D277 /* TestPaperA.m in Sources */,
				245CB45E1BF8A28C0006D277 /* NationalDebt1.m in Sources */,
				245CB4511BF8A28C0006D277 /* User.m in Sources */,
				245CB4561BF8A28C0006D277 /* HandsetBrand.m in Sources */,
				2467F51C19F37ED800437073 /* AppDelegate.m in Sources */,
				245CB46F1BF8A28C0006D277 /* OperationAdd.m in Sources */,
				245CB4671BF8A28C0006D277 /* Resume.m in Sources */,
				245CB4521BF8A28C0006D277 /* SQLServerDepartment.m in Sources */,
				245CB4621BF8A28C0006D277 /* Stock3.m in Sources */,
				245CB4771BF8A28C0006D277 /* ForenoonState.m in Sources */,
				245CB4541BF8A28C0006D277 /* SQLServerUser.m in Sources */,
				245CB4651BF8A28C0006D277 /* Volunteer.m in Sources */,
				245CB4781BF8A28C0006D277 /* NoonState.m in Sources */,
				245CB4591BF8A28C0006D277 /* HandsetGame.m in Sources */,
				245CB47B1BF8A28C0006D277 /* Work.m in Sources */,
				245CB4701BF8A28C0006D277 /* OperationDiv.m in Sources */,
				245CB4721BF8A28C0006D277 /* OperationMul.m in Sources */,
				245CB4731BF8A28C0006D277 /* OperationSub.m in Sources */,
				2467F51819F37ED800437073 /* main.m in Sources */,
				245CB44D1BF8A28C0006D277 /* AccessDepartment.m in Sources */,
				245CB46A1BF8A28C0006D277 /* WorkExperience.m in Sources */,
				245CB46C1BF8A28C0006D277 /* Pursuit.m in Sources */,
				245CB45B1BF8A28C0006D277 /* PersonFatBuilder.m in Sources */,
				245CB4601BF8A28C0006D277 /* Stock1.m in Sources */,
				245CB4531BF8A28C0006D277 /* SQLServerFactory.m in Sources */,
				245CB44F1BF8A28C0006D277 /* AccessUser.m in Sources */,
				245CB4711BF8A28C0006D277 /* OperationFactory.m in Sources */,
				245CB46D1BF8A28C0006D277 /* SchoolGirl.m in Sources */,
				245CB4501BF8A28C0006D277 /* Department.m in Sources */,
				245CB45F1BF8A28C0006D277 /* Realty1.m in Sources */,
				245CB45A1BF8A28C0006D277 /* PersonDirector.m in Sources */,
				245CB4741BF8A28C0006D277 /* Singleton.m in Sources */,
				245CB45D1BF8A28C0006D277 /* Fund.m in Sources */,
				245CB47F1BF8A28C0006D277 /* CashReturn.m in Sources */,
				245CB4751BF8A28C0006D277 /* AfternoonState.m in Sources */,
				245CB4761BF8A28C0006D277 /* EveningState.m in Sources */,
				245CB4571BF8A28C0006D277 /* HandsetBrandM.m in Sources */,
			);
			runOnlyForDeploymentPostprocessing = 0;
		};
		2467F51F19F37ED900437073 /* Sources */ = {
			isa = PBXSourcesBuildPhase;
			buildActionMask = 2147483647;
			files = (
				24B2B0501A060A28001D74E0 /* TemplateMethodTests.m in Sources */,
				2406AAF11A433A8900B2A359 /* ProxyTests.m in Sources */,
				2437B04B1A089B0C007CE0EF /* SingletonTests.m in Sources */,
				24B2B0841A067DB1001D74E0 /* BuilderTests.m in Sources */,
				24926FD51A43272A006E188B /* FacadeTests.m in Sources */,
				24D9588419FE99B800C3F23E /* StateTests.m in Sources */,
				24B2B06D1A066B81001D74E0 /* BridgeTests.m in Sources */,
				2407155719F3EBB500E9F749 /* AbstractFactoryTests.m in Sources */,
				2467F54D19F3819200437073 /* SimpleFactoryTests.m in Sources */,
				2491E15F19F7F0AE009AC42F /* StrategyTests.m in Sources */,
				24BD698A1A4477170007D525 /* PrototypeTests.m in Sources */,
				2467F55F19F3A1F400437073 /* FactoryMethodTests.m in Sources */,
			);
			runOnlyForDeploymentPostprocessing = 0;
		};
/* End PBXSourcesBuildPhase section */

/* Begin PBXTargetDependency section */
		2467F52919F37ED900437073 /* PBXTargetDependency */ = {
			isa = PBXTargetDependency;
			target = 2467F50719F37ED800437073 /* DesignPatterns */;
			targetProxy = 2467F52819F37ED900437073 /* PBXContainerItemProxy */;
		};
/* End PBXTargetDependency section */

/* Begin PBXVariantGroup section */
		2467F51419F37ED800437073 /* InfoPlist.strings */ = {
			isa = PBXVariantGroup;
			children = (
				2467F51519F37ED800437073 /* en */,
			);
			name = InfoPlist.strings;
			sourceTree = "<group>";
		};
		2467F52D19F37ED900437073 /* InfoPlist.strings */ = {
			isa = PBXVariantGroup;
			children = (
				2467F52E19F37ED900437073 /* en */,
			);
			name = InfoPlist.strings;
			sourceTree = "<group>";
		};
/* End PBXVariantGroup section */

/* Begin XCBuildConfiguration section */
		2467F53219F37ED900437073 /* Debug */ = {
			isa = XCBuildConfiguration;
			buildSettings = {
				ALWAYS_SEARCH_USER_PATHS = NO;
				CLANG_CXX_LANGUAGE_STANDARD = "gnu++0x";
				CLANG_CXX_LIBRARY = "libc++";
				CLANG_ENABLE_MODULES = YES;
				CLANG_ENABLE_OBJC_ARC = YES;
				CLANG_WARN_BOOL_CONVERSION = YES;
				CLANG_WARN_CONSTANT_CONVERSION = YES;
				CLANG_WARN_DIRECT_OBJC_ISA_USAGE = YES_ERROR;
				CLANG_WARN_EMPTY_BODY = YES;
				CLANG_WARN_ENUM_CONVERSION = YES;
				CLANG_WARN_INT_CONVERSION = YES;
				CLANG_WARN_OBJC_ROOT_CLASS = YES_ERROR;
				CLANG_WARN__DUPLICATE_METHOD_MATCH = YES;
				"CODE_SIGN_IDENTITY[sdk=iphoneos*]" = "iPhone Developer";
				COPY_PHASE_STRIP = NO;
				ENABLE_TESTABILITY = YES;
				GCC_C_LANGUAGE_STANDARD = gnu99;
				GCC_DYNAMIC_NO_PIC = NO;
				GCC_OPTIMIZATION_LEVEL = 0;
				GCC_PREPROCESSOR_DEFINITIONS = (
					"DEBUG=1",
					"$(inherited)",
				);
				GCC_SYMBOLS_PRIVATE_EXTERN = NO;
				GCC_WARN_64_TO_32_BIT_CONVERSION = YES;
				GCC_WARN_ABOUT_RETURN_TYPE = YES_ERROR;
				GCC_WARN_UNDECLARED_SELECTOR = YES;
				GCC_WARN_UNINITIALIZED_AUTOS = YES_AGGRESSIVE;
				GCC_WARN_UNUSED_FUNCTION = YES;
				GCC_WARN_UNUSED_VARIABLE = YES;
				IPHONEOS_DEPLOYMENT_TARGET = 7.1;
				ONLY_ACTIVE_ARCH = YES;
				SDKROOT = iphoneos;
			};
			name = Debug;
		};
		2467F53319F37ED900437073 /* Release */ = {
			isa = XCBuildConfiguration;
			buildSettings = {
				ALWAYS_SEARCH_USER_PATHS = NO;
				CLANG_CXX_LANGUAGE_STANDARD = "gnu++0x";
				CLANG_CXX_LIBRARY = "libc++";
				CLANG_ENABLE_MODULES = YES;
				CLANG_ENABLE_OBJC_ARC = YES;
				CLANG_WARN_BOOL_CONVERSION = YES;
				CLANG_WARN_CONSTANT_CONVERSION = YES;
				CLANG_WARN_DIRECT_OBJC_ISA_USAGE = YES_ERROR;
				CLANG_WARN_EMPTY_BODY = YES;
				CLANG_WARN_ENUM_CONVERSION = YES;
				CLANG_WARN_INT_CONVERSION = YES;
				CLANG_WARN_OBJC_ROOT_CLASS = YES_ERROR;
				CLANG_WARN__DUPLICATE_METHOD_MATCH = YES;
				"CODE_SIGN_IDENTITY[sdk=iphoneos*]" = "iPhone Developer";
				COPY_PHASE_STRIP = YES;
				ENABLE_NS_ASSERTIONS = NO;
				GCC_C_LANGUAGE_STANDARD = gnu99;
				GCC_WARN_64_TO_32_BIT_CONVERSION = YES;
				GCC_WARN_ABOUT_RETURN_TYPE = YES_ERROR;
				GCC_WARN_UNDECLARED_SELECTOR = YES;
				GCC_WARN_UNINITIALIZED_AUTOS = YES_AGGRESSIVE;
				GCC_WARN_UNUSED_FUNCTION = YES;
				GCC_WARN_UNUSED_VARIABLE = YES;
				IPHONEOS_DEPLOYMENT_TARGET = 7.1;
				SDKROOT = iphoneos;
				VALIDATE_PRODUCT = YES;
			};
			name = Release;
		};
		2467F53519F37ED900437073 /* Debug */ = {
			isa = XCBuildConfiguration;
			buildSettings = {
				ASSETCATALOG_COMPILER_APPICON_NAME = AppIcon;
				ASSETCATALOG_COMPILER_LAUNCHIMAGE_NAME = LaunchImage;
				GCC_PRECOMPILE_PREFIX_HEADER = YES;
				GCC_PREFIX_HEADER = "DesignPatterns/DesignPatterns-Prefix.pch";
				INFOPLIST_FILE = "DesignPatterns/DesignPatterns-Info.plist";
				PRODUCT_BUNDLE_IDENTIFIER = com.zdnst.DesignPatterns;
				PRODUCT_NAME = "$(TARGET_NAME)";
				WRAPPER_EXTENSION = app;
			};
			name = Debug;
		};
		2467F53619F37ED900437073 /* Release */ = {
			isa = XCBuildConfiguration;
			buildSettings = {
				ASSETCATALOG_COMPILER_APPICON_NAME = AppIcon;
				ASSETCATALOG_COMPILER_LAUNCHIMAGE_NAME = LaunchImage;
				GCC_PRECOMPILE_PREFIX_HEADER = YES;
				GCC_PREFIX_HEADER = "DesignPatterns/DesignPatterns-Prefix.pch";
				INFOPLIST_FILE = "DesignPatterns/DesignPatterns-Info.plist";
				PRODUCT_BUNDLE_IDENTIFIER = com.zdnst.DesignPatterns;
				PRODUCT_NAME = "$(TARGET_NAME)";
				WRAPPER_EXTENSION = app;
			};
			name = Release;
		};
		2467F53819F37ED900437073 /* Debug */ = {
			isa = XCBuildConfiguration;
			buildSettings = {
				BUNDLE_LOADER = "$(TEST_HOST)";
				FRAMEWORK_SEARCH_PATHS = (
					"$(SDKROOT)/Developer/Library/Frameworks",
					"$(inherited)",
					"$(DEVELOPER_FRAMEWORKS_DIR)",
				);
				GCC_PRECOMPILE_PREFIX_HEADER = YES;
				GCC_PREFIX_HEADER = "DesignPatterns/DesignPatterns-Prefix.pch";
				GCC_PREPROCESSOR_DEFINITIONS = (
					"DEBUG=1",
					"$(inherited)",
				);
				INFOPLIST_FILE = "DesignPatternsTests/DesignPatternsTests-Info.plist";
				PRODUCT_BUNDLE_IDENTIFIER = "com.zdnst.${PRODUCT_NAME:rfc1034identifier}";
				PRODUCT_NAME = "$(TARGET_NAME)";
				TEST_HOST = "$(BUILT_PRODUCTS_DIR)/DesignPatterns.app/DesignPatterns";
				WRAPPER_EXTENSION = xctest;
			};
			name = Debug;
		};
		2467F53919F37ED900437073 /* Release */ = {
			isa = XCBuildConfiguration;
			buildSettings = {
				BUNDLE_LOADER = "$(TEST_HOST)";
				FRAMEWORK_SEARCH_PATHS = (
					"$(SDKROOT)/Developer/Library/Frameworks",
					"$(inherited)",
					"$(DEVELOPER_FRAMEWORKS_DIR)",
				);
				GCC_PRECOMPILE_PREFIX_HEADER = YES;
				GCC_PREFIX_HEADER = "DesignPatterns/DesignPatterns-Prefix.pch";
				INFOPLIST_FILE = "DesignPatternsTests/DesignPatternsTests-Info.plist";
				PRODUCT_BUNDLE_IDENTIFIER = "com.zdnst.${PRODUCT_NAME:rfc1034identifier}";
				PRODUCT_NAME = "$(TARGET_NAME)";
				TEST_HOST = "$(BUILT_PRODUCTS_DIR)/DesignPatterns.app/DesignPatterns";
				WRAPPER_EXTENSION = xctest;
			};
			name = Release;
		};
/* End XCBuildConfiguration section */

/* Begin XCConfigurationList section */
		2467F50319F37ED800437073 /* Build configuration list for PBXProject "DesignPatterns" */ = {
			isa = XCConfigurationList;
			buildConfigurations = (
				2467F53219F37ED900437073 /* Debug */,
				2467F53319F37ED900437073 /* Release */,
			);
			defaultConfigurationIsVisible = 0;
			defaultConfigurationName = Release;
		};
		2467F53419F37ED900437073 /* Build configuration list for PBXNativeTarget "DesignPatterns" */ = {
			isa = XCConfigurationList;
			buildConfigurations = (
				2467F53519F37ED900437073 /* Debug */,
				2467F53619F37ED900437073 /* Release */,
			);
			defaultConfigurationIsVisible = 0;
			defaultConfigurationName = Release;
		};
		2467F53719F37ED900437073 /* Build configuration list for PBXNativeTarget "DesignPatternsTests" */ = {
			isa = XCConfigurationList;
			buildConfigurations = (
				2467F53819F37ED900437073 /* Debug */,
				2467F53919F37ED900437073 /* Release */,
			);
			defaultConfigurationIsVisible = 0;
			defaultConfigurationName = Release;
		};
/* End XCConfigurationList section */
	};
	rootObject = 2467F50019F37ED800437073 /* Project object */;
}
